<?xml version="1.0" encoding="utf-8"?>
<Project ToolsVersion="4.0" xmlns="http://schemas.microsoft.com/developer/msbuild/2003">
  <ItemGroup>
    <Filter Include="소스 파일">
      <UniqueIdentifier>{4FC737F1-C7A5-4376-A066-2A32D752A2FF}</UniqueIdentifier>
      <Extensions>cpp;c;cc;cxx;c++;cppm;ixx;def;odl;idl;hpj;bat;asm;asmx</Extensions>
    </Filter>
    <Filter Include="헤더 파일">
      <UniqueIdentifier>{93995380-89BD-4b04-88EB-625FBE52EBFB}</UniqueIdentifier>
      <Extensions>h;hh;hpp;hxx;h++;hm;inl;inc;ipp;xsd</Extensions>
    </Filter>
    <Filter Include="소스 파일\Packet">
      <UniqueIdentifier>{fe5bd637-c753-4132-95d9-35a1507618f7}</UniqueIdentifier>
    </Filter>
    <Filter Include="소스 파일\Common">
      <UniqueIdentifier>{221db55e-c0d0-4ad9-995d-1f030209a926}</UniqueIdentifier>
    </Filter>
    <Filter Include="소스 파일\JSON">
      <UniqueIdentifier>{6cd71e3b-475b-42bf-9877-81d2ab8acdfa}</UniqueIdentifier>
    </Filter>
    <Filter Include="소스 파일\Server">
      <UniqueIdentifier>{4b20dcfe-da3f-4689-8997-8f10c1de7032}</UniqueIdentifier>
    </Filter>
    <Filter Include="소스 파일\Player">
      <UniqueIdentifier>{e7e528a4-e5ee-420f-a9cc-14d759729153}</UniqueIdentifier>
    </Filter>
    <Filter Include="소스 파일\Core">
      <UniqueIdentifier>{4a53db0e-1d2b-4a0a-b56e-15df98d1f979}</UniqueIdentifier>
    </Filter>
    <Filter Include="소스 파일\NPC">
      <UniqueIdentifier>{bc12a6c6-29f0-4c1a-b83b-8694c1a4ddea}</UniqueIdentifier>
    </Filter>
    <Filter Include="소스 파일\Manager">
      <UniqueIdentifier>{2ee47003-8414-4e1d-bf13-517f073291a7}</UniqueIdentifier>
    </Filter>
    <Filter Include="소스 파일\Manager\MapDataManager">
      <UniqueIdentifier>{8b6bc8f8-6074-4542-ab85-ccb5baed8929}</UniqueIdentifier>
    </Filter>
  </ItemGroup>
  <ItemGroup>
    <ClCompile Include="PacketHandlers.cpp">
      <Filter>소스 파일\Packet</Filter>
    </ClCompile>
    <ClCompile Include="PacketManager.cpp">
      <Filter>소스 파일\Packet</Filter>
    </ClCompile>
    <ClCompile Include="MapDataManager.cpp">
      <Filter>소스 파일\Manager\MapDataManager</Filter>
    </ClCompile>
    <ClCompile Include="Room.cpp">
      <Filter>소스 파일\Server</Filter>
    </ClCompile>
    <ClCompile Include="server.cpp">
      <Filter>소스 파일\Server</Filter>
    </ClCompile>
    <ClCompile Include="Player.cpp">
      <Filter>소스 파일\Player</Filter>
    </ClCompile>
    <ClCompile Include="main.cpp">
      <Filter>소스 파일\Core</Filter>
    </ClCompile>
    <ClCompile Include="pch.cpp">
      <Filter>소스 파일\Core</Filter>
    </ClCompile>
    <ClCompile Include="NPC.cpp">
      <Filter>소스 파일\NPC</Filter>
    </ClCompile>
  </ItemGroup>
  <ItemGroup>
    <ClInclude Include="PacketHandlers.h">
      <Filter>소스 파일\Packet</Filter>
    </ClInclude>
    <ClInclude Include="PacketManager.h">
      <Filter>소스 파일\Packet</Filter>
    </ClInclude>
    <ClInclude Include="json.hpp">
      <Filter>소스 파일\JSON</Filter>
    </ClInclude>
    <ClInclude Include="MapDataManager.h">
      <Filter>소스 파일\Manager\MapDataManager</Filter>
    </ClInclude>
    <ClInclude Include="Room.h">
      <Filter>소스 파일\Server</Filter>
    </ClInclude>
    <ClInclude Include="server.h">
      <Filter>소스 파일\Server</Filter>
    </ClInclude>
    <ClInclude Include="Player.h">
      <Filter>소스 파일\Player</Filter>
    </ClInclude>
    <ClInclude Include="pch.h">
      <Filter>소스 파일\Core</Filter>
    </ClInclude>
    <ClInclude Include="ServerCore.h">
      <Filter>소스 파일\Core</Filter>
    </ClInclude>
    <ClInclude Include="NPC.h">
      <Filter>소스 파일\NPC</Filter>
    </ClInclude>
    <ClInclude Include="..\..\Common\Packet.h">
      <Filter>소스 파일\Common</Filter>
    </ClInclude>
    <ClInclude Include="..\..\Common\PacketStream.h">
      <Filter>소스 파일\Common</Filter>
    </ClInclude>
    <ClInclude Include="..\..\Common\Vector3.h">
      <Filter>소스 파일\Common</Filter>
    </ClInclude>
  </ItemGroup>
</Project>