<?xml version="1.0" encoding="utf-8"?>
<Project ToolsVersion="4.0" xmlns="http://schemas.microsoft.com/developer/msbuild/2003">
  <ItemGroup>
    <Filter Include="소스 파일">
      <UniqueIdentifier>{4FC737F1-C7A5-4376-A066-2A32D752A2FF}</UniqueIdentifier>
      <Extensions>cpp;c;cc;cxx;c++;cppm;ixx;def;odl;idl;hpj;bat;asm;asmx</Extensions>
    </Filter>
    <Filter Include="헤더 파일">
      <UniqueIdentifier>{93995380-89BD-4b04-88EB-625FBE52EBFB}</UniqueIdentifier>
      <Extensions>h;hh;hpp;hxx;h++;hm;inl;inc;ipp;xsd</Extensions>
    </Filter>
    <Filter Include="0. Engine">
      <UniqueIdentifier>{6730e9d7-258d-4cdc-a60a-a7ea4c98a5f7}</UniqueIdentifier>
    </Filter>
    <Filter Include="0. Engine\0. Core">
      <UniqueIdentifier>{d64dca8d-4d9d-4ffc-9f0b-3bdd36a86684}</UniqueIdentifier>
    </Filter>
    <Filter Include="0. Engine\1. GameObject &amp; Components">
      <UniqueIdentifier>{40fc7769-fa6c-4cfa-bd37-4a98bc2d4d93}</UniqueIdentifier>
    </Filter>
    <Filter Include="0. Engine\2. Scene">
      <UniqueIdentifier>{e72b49de-ff01-45b6-8e07-78de65576d73}</UniqueIdentifier>
    </Filter>
    <Filter Include="1. Game">
      <UniqueIdentifier>{8e324fec-cda5-4286-bd76-28664481253e}</UniqueIdentifier>
    </Filter>
    <Filter Include="2. Shaders">
      <UniqueIdentifier>{0068f34a-ddb9-4852-9c80-c942eb76cfd5}</UniqueIdentifier>
    </Filter>
    <Filter Include="3. Resources">
      <UniqueIdentifier>{301ec9b5-08aa-44d1-beea-f5c6a2401a67}</UniqueIdentifier>
    </Filter>
    <Filter Include="4. External">
      <UniqueIdentifier>{8ca5bc59-1c58-44c2-b0c7-03c92476ca1f}</UniqueIdentifier>
    </Filter>
    <Filter Include="5. App">
      <UniqueIdentifier>{e4c3f90e-7e5a-41e9-86d2-316a161999b9}</UniqueIdentifier>
    </Filter>
    <Filter Include="0. Engine\3. Renderer">
      <UniqueIdentifier>{dac40cf2-add3-4952-a011-2941edaba02f}</UniqueIdentifier>
    </Filter>
    <Filter Include="1. Game\1. Scenes">
      <UniqueIdentifier>{0ab5777e-dea9-4111-ae10-8f80fef9b406}</UniqueIdentifier>
    </Filter>
    <Filter Include="1. Game\0. GameObjects">
      <UniqueIdentifier>{bafa645d-167e-4014-b30a-619a52dd8b06}</UniqueIdentifier>
    </Filter>
    <Filter Include="1. Game\2. Scripts">
      <UniqueIdentifier>{0ef3f030-8b8e-42f0-9d8d-aafe373aee88}</UniqueIdentifier>
    </Filter>
    <Filter Include="1. Game\3. Components">
      <UniqueIdentifier>{97f1da0b-e79c-418e-a350-e3b3c3a84cd7}</UniqueIdentifier>
    </Filter>
    <Filter Include="0. Engine\4. Resource">
      <UniqueIdentifier>{d6386f6e-812d-4783-95f2-130cc65a370e}</UniqueIdentifier>
    </Filter>
    <Filter Include="0. Engine\5. Input">
      <UniqueIdentifier>{cd85da84-a0d2-440f-8376-38de42e6e5a7}</UniqueIdentifier>
    </Filter>
    <Filter Include="0. Engine\6. Network">
      <UniqueIdentifier>{bbbeeb8d-7ddc-4baf-b779-0e40344b10bc}</UniqueIdentifier>
    </Filter>
    <Filter Include="0. Engine\3. Renderer\1. Shaders">
      <UniqueIdentifier>{d2b00202-bdc5-4a93-a8e4-083aa9e580cf}</UniqueIdentifier>
    </Filter>
    <Filter Include="0. Engine\3. Renderer\2. Meshes">
      <UniqueIdentifier>{f2843c66-3557-4ecb-8bf5-90a971785347}</UniqueIdentifier>
    </Filter>
    <Filter Include="0. Engine\1. GameObject &amp; Components\0. Object">
      <UniqueIdentifier>{28044087-c5ad-4f75-83ea-b2ca74906fd8}</UniqueIdentifier>
    </Filter>
    <Filter Include="0. Engine\1. GameObject &amp; Components\2. GameObject">
      <UniqueIdentifier>{7d8d333e-662c-4518-867a-4deacc3add82}</UniqueIdentifier>
    </Filter>
    <Filter Include="0. Engine\1. GameObject &amp; Components\3. Components">
      <UniqueIdentifier>{2b2fa94d-e5b9-4d7e-bb50-04537f23ab0a}</UniqueIdentifier>
    </Filter>
    <Filter Include="0. Engine\3. Renderer\3. Camera">
      <UniqueIdentifier>{4f139754-ab8e-4f12-a9da-5bcc2288c9b0}</UniqueIdentifier>
    </Filter>
    <Filter Include="0. Engine\3. Renderer\4. TextureLoader">
      <UniqueIdentifier>{43c5fdd3-2872-4f44-945b-40cbed081f81}</UniqueIdentifier>
    </Filter>
    <Filter Include="0. Engine\1. GameObject &amp; Components\3. Components\RenderComponents">
      <UniqueIdentifier>{c9682bcf-f8f2-4f9a-b3a6-a290036050ac}</UniqueIdentifier>
    </Filter>
    <Filter Include="0. Engine\7. Helper">
      <UniqueIdentifier>{02f48ba8-132b-47c4-a5a2-509cef65adb6}</UniqueIdentifier>
    </Filter>
    <Filter Include="4. External\1. Common">
      <UniqueIdentifier>{3573e0e9-2bde-4bf6-9244-f570f9c2330c}</UniqueIdentifier>
    </Filter>
    <Filter Include="0. Engine\8. Physics">
      <UniqueIdentifier>{e39ff450-05e5-487f-a8ed-3e37c66c2103}</UniqueIdentifier>
    </Filter>
    <Filter Include="0. Engine\1. GameObject &amp; Components\3. Components\PhysicsComponents">
      <UniqueIdentifier>{6c7e92e4-0913-4b63-82f8-3d52ae80445e}</UniqueIdentifier>
    </Filter>
    <Filter Include="0. Engine\1. GameObject &amp; Components\1. Behavior">
      <UniqueIdentifier>{d6bc12f8-cab7-47f6-9d9a-4b774be9fda4}</UniqueIdentifier>
    </Filter>
    <Filter Include="0. Engine\1. GameObject &amp; Components\3. Components\ScriptComponent">
      <UniqueIdentifier>{a047e690-9a26-4f15-b367-d054a338b960}</UniqueIdentifier>
    </Filter>
    <Filter Include="0. Engine\0. Core\1. System">
      <UniqueIdentifier>{e12dcf6a-9479-4505-938a-b39416d9cb2c}</UniqueIdentifier>
    </Filter>
    <Filter Include="0. Engine\3. Renderer\6. DebugRender">
      <UniqueIdentifier>{e9db94f8-77e8-44a6-b58e-d3a185dd7f09}</UniqueIdentifier>
    </Filter>
    <Filter Include="0. Engine\3. Renderer\5. Lighting">
      <UniqueIdentifier>{1be2618d-2734-443a-b0bd-f6a639571e7d}</UniqueIdentifier>
    </Filter>
    <Filter Include="0. Engine\1. GameObject &amp; Components\4. Terrain">
      <UniqueIdentifier>{c4eda412-bb59-4f0e-8ffc-708146f7997e}</UniqueIdentifier>
    </Filter>
    <Filter Include="0. Engine\1. GameObject &amp; Components\3. Components\AnimationComponent">
      <UniqueIdentifier>{1f731c06-1fab-46b8-8c80-ebdaa1d68fd5}</UniqueIdentifier>
    </Filter>
    <Filter Include="0. Engine\1. GameObject &amp; Components\3. Components\CameraComponent">
      <UniqueIdentifier>{1ea9d748-fc5c-47b8-9238-3d9703eda918}</UniqueIdentifier>
    </Filter>
    <Filter Include="0. Engine\1. GameObject &amp; Components\3. Components\MonsterHPComponent">
      <UniqueIdentifier>{7b4314ad-3612-44b1-86eb-b1909524921d}</UniqueIdentifier>
    </Filter>
    <Filter Include="0. Engine\1. GameObject &amp; Components\3. Components\SocketComponenet">
      <UniqueIdentifier>{b0167d93-8894-4edc-a7e6-335488f4b583}</UniqueIdentifier>
    </Filter>
    <Filter Include="0. Engine\1. GameObject &amp; Components\3. Components\TransformComponent">
      <UniqueIdentifier>{a5f200b5-45f7-439e-ac87-1e0ed31f1e76}</UniqueIdentifier>
    </Filter>
    <Filter Include="0. Engine\9. ImGui">
      <UniqueIdentifier>{7cdaf201-a9d1-40a6-a7f1-52581147babc}</UniqueIdentifier>
    </Filter>
    <Filter Include="0. Engine\0. Core\2. Manager">
      <UniqueIdentifier>{9ce72fc5-492a-4fb4-b9ff-493ad74b96be}</UniqueIdentifier>
    </Filter>
    <Filter Include="1. Game\2. Scripts\MainLogics">
      <UniqueIdentifier>{4db8833c-c7e9-4154-83cf-9409ab488c50}</UniqueIdentifier>
    </Filter>
    <Filter Include="1. Game\2. Scripts\CameraScript">
      <UniqueIdentifier>{18ac4e3b-1ab0-48ea-a828-e25c4b2bb96c}</UniqueIdentifier>
    </Filter>
    <Filter Include="1. Game\2. Scripts\TestingTempScript">
      <UniqueIdentifier>{023540b9-6b64-4854-ae5a-2bb8543009d2}</UniqueIdentifier>
    </Filter>
    <Filter Include="1. Game\2. Scripts\MainLogics\MainPlayer">
      <UniqueIdentifier>{ae982326-8279-434d-b13d-16d9e595c304}</UniqueIdentifier>
    </Filter>
    <Filter Include="1. Game\2. Scripts\MainLogics\NPC">
      <UniqueIdentifier>{7e5b7626-bf0e-46f0-b679-e637e9df6f15}</UniqueIdentifier>
    </Filter>
    <Filter Include="1. Game\2. Scripts\MainLogics\OtherPlayer">
      <UniqueIdentifier>{fc39712d-e571-4f5a-a54e-cf9eab2cf48a}</UniqueIdentifier>
    </Filter>
    <Filter Include="0. Engine\1. GameObject &amp; Components\3. Components\TargetingComponent">
      <UniqueIdentifier>{b6fc3fc7-7b64-405c-bbee-148b045dab1b}</UniqueIdentifier>
    </Filter>
    <Filter Include="0. Engine\1. GameObject &amp; Components\3. Components\ParticleComponent">
      <UniqueIdentifier>{d601eca4-60f3-4a85-b575-3ef6c7e4c32e}</UniqueIdentifier>
    </Filter>
  </ItemGroup>
  <ItemGroup>
    <ClInclude Include="GameFramework.h">
      <Filter>0. Engine\0. Core</Filter>
    </ClInclude>
    <ClInclude Include="Scene.h">
      <Filter>0. Engine\2. Scene</Filter>
    </ClInclude>
    <ClInclude Include="SceneManager.h">
      <Filter>0. Engine\2. Scene</Filter>
    </ClInclude>
    <ClInclude Include="InputManager.h">
      <Filter>0. Engine\5. Input</Filter>
    </ClInclude>
    <ClInclude Include="Shader.h">
      <Filter>0. Engine\3. Renderer</Filter>
    </ClInclude>
    <ClInclude Include="Chess_Scene.h">
      <Filter>1. Game\1. Scenes</Filter>
    </ClInclude>
    <ClInclude Include="NetworkManager.h">
      <Filter>0. Engine\6. Network</Filter>
    </ClInclude>
    <ClInclude Include="main.h">
      <Filter>5. App</Filter>
    </ClInclude>
    <ClInclude Include="Renderer.h">
      <Filter>0. Engine\3. Renderer</Filter>
    </ClInclude>
    <ClInclude Include="Resource.h">
      <Filter>3. Resources</Filter>
    </ClInclude>
    <ClInclude Include="resource1.h">
      <Filter>3. Resources</Filter>
    </ClInclude>
    <ClInclude Include="stdafx.h">
      <Filter>5. App</Filter>
    </ClInclude>
    <ClInclude Include="targetver.h">
      <Filter>5. App</Filter>
    </ClInclude>
    <ClInclude Include="ResourceManager.h">
      <Filter>0. Engine\4. Resource</Filter>
    </ClInclude>
    <ClInclude Include="DebugShader.h">
      <Filter>0. Engine\3. Renderer\1. Shaders</Filter>
    </ClInclude>
    <ClInclude Include="DefaultObjectShader.h">
      <Filter>0. Engine\3. Renderer\1. Shaders</Filter>
    </ClInclude>
    <ClInclude Include="PlayerShader.h">
      <Filter>0. Engine\3. Renderer\1. Shaders</Filter>
    </ClInclude>
    <ClInclude Include="RootSignature.h">
      <Filter>0. Engine\3. Renderer</Filter>
    </ClInclude>
    <ClInclude Include="GlbShader.h">
      <Filter>0. Engine\3. Renderer\1. Shaders</Filter>
    </ClInclude>
    <ClInclude Include="ReadGLBMesh.h">
      <Filter>0. Engine\3. Renderer\2. Meshes</Filter>
    </ClInclude>
    <ClInclude Include="Object.h">
      <Filter>0. Engine\1. GameObject &amp; Components\0. Object</Filter>
    </ClInclude>
    <ClInclude Include="Behavior.h">
      <Filter>0. Engine\1. GameObject &amp; Components\1. Behavior</Filter>
    </ClInclude>
    <ClInclude Include="GameObject.h">
      <Filter>0. Engine\1. GameObject &amp; Components\2. GameObject</Filter>
    </ClInclude>
    <ClInclude Include="Component.h">
      <Filter>0. Engine\1. GameObject &amp; Components\3. Components</Filter>
    </ClInclude>
    <ClInclude Include="LayerManager.h">
      <Filter>0. Engine\1. GameObject &amp; Components\2. GameObject</Filter>
    </ClInclude>
    <ClInclude Include="Mesh.h">
      <Filter>0. Engine\3. Renderer\2. Meshes</Filter>
    </ClInclude>
    <ClInclude Include="ReadFBXMesh.h">
      <Filter>0. Engine\3. Renderer\2. Meshes</Filter>
    </ClInclude>
    <ClInclude Include="ReadGLTFMesh.h">
      <Filter>0. Engine\3. Renderer\2. Meshes</Filter>
    </ClInclude>
    <ClInclude Include="ReadOBJMesh.h">
      <Filter>0. Engine\3. Renderer\2. Meshes</Filter>
    </ClInclude>
    <ClInclude Include="Camera.h">
      <Filter>0. Engine\3. Renderer\3. Camera</Filter>
    </ClInclude>
    <ClInclude Include="FreeCamera.h">
      <Filter>0. Engine\3. Renderer\3. Camera</Filter>
    </ClInclude>
    <ClInclude Include="DescriptorManager.h">
      <Filter>0. Engine\4. Resource</Filter>
    </ClInclude>
    <ClInclude Include="DDSTextureLoader12.h">
      <Filter>0. Engine\3. Renderer\4. TextureLoader</Filter>
    </ClInclude>
    <ClInclude Include="WICTextureLoader12.h">
      <Filter>0. Engine\3. Renderer\4. TextureLoader</Filter>
    </ClInclude>
    <ClInclude Include="GltfShader.h">
      <Filter>0. Engine\3. Renderer\1. Shaders</Filter>
    </ClInclude>
    <ClInclude Include="SkyboxShader.h">
      <Filter>0. Engine\3. Renderer\1. Shaders</Filter>
    </ClInclude>
    <ClInclude Include="SkyboxMesh.h">
      <Filter>0. Engine\3. Renderer\2. Meshes</Filter>
    </ClInclude>
    <ClInclude Include="GltfSkinnedShader.h">
      <Filter>0. Engine\3. Renderer\1. Shaders</Filter>
    </ClInclude>
    <ClInclude Include="TerrainShader.h">
      <Filter>0. Engine\3. Renderer\1. Shaders</Filter>
    </ClInclude>
    <ClInclude Include="SkyboxRenderComponent.h">
      <Filter>0. Engine\1. GameObject &amp; Components\3. Components\RenderComponents</Filter>
    </ClInclude>
    <ClInclude Include="TerrainRenderComponent.h">
      <Filter>0. Engine\1. GameObject &amp; Components\3. Components\RenderComponents</Filter>
    </ClInclude>
    <ClInclude Include="LightManager.h">
      <Filter>0. Engine\3. Renderer\5. Lighting</Filter>
    </ClInclude>
    <ClInclude Include="TerrainLoader.h">
      <Filter>0. Engine\1. GameObject &amp; Components\4. Terrain</Filter>
    </ClInclude>
    <ClInclude Include="BehaviorTree.h">
      <Filter>0. Engine\7. Helper</Filter>
    </ClInclude>
    <ClInclude Include="MonsterHPUIShader.h">
      <Filter>0. Engine\3. Renderer\1. Shaders</Filter>
    </ClInclude>
    <ClInclude Include="MonsterHPUIRenderComponent.h">
      <Filter>0. Engine\1. GameObject &amp; Components\3. Components\RenderComponents</Filter>
    </ClInclude>
    <ClInclude Include="UIRenderComponent.h">
      <Filter>0. Engine\1. GameObject &amp; Components\3. Components\RenderComponents</Filter>
    </ClInclude>
    <ClInclude Include="UIShader.h">
      <Filter>0. Engine\3. Renderer\1. Shaders</Filter>
    </ClInclude>
    <ClInclude Include="..\..\Common\JoltHelper.h">
      <Filter>4. External\1. Common</Filter>
    </ClInclude>
    <ClInclude Include="..\..\Common\json.hpp">
      <Filter>4. External\1. Common</Filter>
    </ClInclude>
    <ClInclude Include="..\..\Common\Packet.h">
      <Filter>4. External\1. Common</Filter>
    </ClInclude>
    <ClInclude Include="..\..\Common\PacketStream.h">
      <Filter>4. External\1. Common</Filter>
    </ClInclude>
    <ClInclude Include="..\..\Common\TerrainData.h">
      <Filter>4. External\1. Common</Filter>
    </ClInclude>
    <ClInclude Include="..\..\Common\Vector3.h">
      <Filter>4. External\1. Common</Filter>
    </ClInclude>
    <ClInclude Include="JoltSetup.h">
      <Filter>0. Engine\8. Physics</Filter>
    </ClInclude>
    <ClInclude Include="PhysicsManager.h">
      <Filter>0. Engine\8. Physics</Filter>
    </ClInclude>
    <ClInclude Include="ColiderComponent.h">
      <Filter>0. Engine\1. GameObject &amp; Components\3. Components\PhysicsComponents</Filter>
    </ClInclude>
    <ClInclude Include="PhysicsColliderComponent.h">
      <Filter>0. Engine\1. GameObject &amp; Components\3. Components\PhysicsComponents</Filter>
    </ClInclude>
    <ClInclude Include="RenderComponent.h">
      <Filter>0. Engine\1. GameObject &amp; Components\3. Components\RenderComponents</Filter>
    </ClInclude>
    <ClInclude Include="ScriptComponent.h">
      <Filter>0. Engine\1. GameObject &amp; Components\3. Components\ScriptComponent</Filter>
    </ClInclude>
    <ClInclude Include="DebugDrawManager.h">
      <Filter>0. Engine\3. Renderer\6. DebugRender</Filter>
    </ClInclude>
    <ClInclude Include="ReplicationSystem.h">
      <Filter>0. Engine\0. Core\1. System</Filter>
    </ClInclude>
    <ClInclude Include="INetSync.h">
      <Filter>0. Engine\0. Core\1. System</Filter>
    </ClInclude>
    <ClInclude Include="PhysicsCharacterControllerComponent.h">
      <Filter>0. Engine\1. GameObject &amp; Components\3. Components\PhysicsComponents</Filter>
    </ClInclude>
    <ClInclude Include="Tool_Scene.h">
      <Filter>1. Game\1. Scenes</Filter>
    </ClInclude>
    <ClInclude Include="CameraComponent.h">
      <Filter>0. Engine\1. GameObject &amp; Components\3. Components\CameraComponent</Filter>
    </ClInclude>
    <ClInclude Include="MonsterHPComponent.h">
      <Filter>0. Engine\1. GameObject &amp; Components\3. Components\MonsterHPComponent</Filter>
    </ClInclude>
    <ClInclude Include="SocketComponenet.h">
      <Filter>0. Engine\1. GameObject &amp; Components\3. Components\SocketComponenet</Filter>
    </ClInclude>
    <ClInclude Include="TransformComponent.h">
      <Filter>0. Engine\1. GameObject &amp; Components\3. Components\TransformComponent</Filter>
    </ClInclude>
    <ClInclude Include="imgui\imgui.h">
      <Filter>0. Engine\9. ImGui</Filter>
    </ClInclude>
    <ClInclude Include="imgui\imgui_impl_dx12.h">
      <Filter>0. Engine\9. ImGui</Filter>
    </ClInclude>
    <ClInclude Include="imgui\imgui_impl_win32.h">
      <Filter>0. Engine\9. ImGui</Filter>
    </ClInclude>
    <ClInclude Include="imgui\imgui_internal.h">
      <Filter>0. Engine\9. ImGui</Filter>
    </ClInclude>
    <ClInclude Include="imgui\imstb_rectpack.h">
      <Filter>0. Engine\9. ImGui</Filter>
    </ClInclude>
    <ClInclude Include="imgui\imstb_textedit.h">
      <Filter>0. Engine\9. ImGui</Filter>
    </ClInclude>
    <ClInclude Include="imgui\imstb_truetype.h">
      <Filter>0. Engine\9. ImGui</Filter>
    </ClInclude>
    <ClInclude Include="imgui\imconfig.h">
      <Filter>0. Engine\9. ImGui</Filter>
    </ClInclude>
    <ClInclude Include="ImGuiManager.h">
      <Filter>0. Engine\0. Core\2. Manager</Filter>
    </ClInclude>
    <ClInclude Include="ObjectManager.h">
      <Filter>0. Engine\0. Core\2. Manager</Filter>
    </ClInclude>
    <ClInclude Include="TimerManager.h">
      <Filter>0. Engine\0. Core\2. Manager</Filter>
    </ClInclude>
    <ClInclude Include="ToolCameraScript.h">
      <Filter>1. Game\2. Scripts\CameraScript</Filter>
    </ClInclude>
    <ClInclude Include="FreeCameraScript.h">
      <Filter>1. Game\2. Scripts\CameraScript</Filter>
    </ClInclude>
    <ClInclude Include="BoardCubeScript.h">
      <Filter>1. Game\2. Scripts\TestingTempScript</Filter>
    </ClInclude>
    <ClInclude Include="GltfTestScript.h">
      <Filter>1. Game\2. Scripts\TestingTempScript</Filter>
    </ClInclude>
    <ClInclude Include="MainPlayerScript.h">
      <Filter>1. Game\2. Scripts\MainLogics\MainPlayer</Filter>
    </ClInclude>
    <ClInclude Include="WeaponScript.h">
      <Filter>1. Game\2. Scripts\MainLogics\MainPlayer</Filter>
    </ClInclude>
    <ClInclude Include="NPCScript.h">
      <Filter>1. Game\2. Scripts\MainLogics\NPC</Filter>
    </ClInclude>
    <ClInclude Include="TainerScript.h">
      <Filter>1. Game\2. Scripts\MainLogics\NPC</Filter>
    </ClInclude>
    <ClInclude Include="OtherPlayerScript.h">
      <Filter>1. Game\2. Scripts\MainLogics\OtherPlayer</Filter>
    </ClInclude>
    <ClInclude Include="imgui\ImGuizmo.h">
      <Filter>0. Engine\9. ImGui</Filter>
    </ClInclude>
    <ClInclude Include="ShadowManager.h">
      <Filter>0. Engine\0. Core\2. Manager</Filter>
    </ClInclude>
    <ClInclude Include="ShadowDepthShader.h">
      <Filter>0. Engine\3. Renderer\1. Shaders</Filter>
    </ClInclude>
    <ClInclude Include="ShadowDepthSkinnedShader.h">
      <Filter>0. Engine\3. Renderer\1. Shaders</Filter>
    </ClInclude>
    <ClInclude Include="UIManager.h">
      <Filter>0. Engine\0. Core\2. Manager</Filter>
    </ClInclude>
    <ClInclude Include="LongswordScript.h">
      <Filter>1. Game\2. Scripts\MainLogics\MainPlayer</Filter>
    </ClInclude>
    <ClInclude Include="Main_Scene.h">
      <Filter>1. Game\1. Scenes</Filter>
    </ClInclude>
    <ClInclude Include="Boss_Scene.h">
      <Filter>1. Game\1. Scenes</Filter>
    </ClInclude>
    <ClInclude Include="AnimationComponent.h">
      <Filter>0. Engine\1. GameObject &amp; Components\3. Components\AnimationComponent</Filter>
    </ClInclude>
    <ClInclude Include="UIFrameShader.h">
      <Filter>0. Engine\3. Renderer\1. Shaders</Filter>
    </ClInclude>
    <ClInclude Include="UIFrameRenderComponent.h">
      <Filter>0. Engine\1. GameObject &amp; Components\3. Components\RenderComponents</Filter>
    </ClInclude>
    <ClInclude Include="Title_Scene.h">
      <Filter>1. Game\1. Scenes</Filter>
    </ClInclude>
    <ClInclude Include="LinearAllocator.h">
      <Filter>0. Engine\0. Core\1. System</Filter>
    </ClInclude>
    <ClInclude Include="SoundManager.h">
      <Filter>0. Engine\0. Core\2. Manager</Filter>
    </ClInclude>
    <ClInclude Include="MinimapManager.h">
      <Filter>0. Engine\0. Core\2. Manager</Filter>
    </ClInclude>
    <ClInclude Include="MinimapShader.h">
      <Filter>0. Engine\3. Renderer\1. Shaders</Filter>
    </ClInclude>
    <ClInclude Include="TargetingComponent.h">
      <Filter>0. Engine\1. GameObject &amp; Components\3. Components\TargetingComponent</Filter>
    </ClInclude>
    <ClInclude Include="ParticleSystemComponent.h">
      <Filter>0. Engine\1. GameObject &amp; Components\3. Components\ParticleComponent</Filter>
    </ClInclude>
    <ClInclude Include="ParticleShader.h">
      <Filter>0. Engine\3. Renderer\1. Shaders</Filter>
    </ClInclude>
    <ClInclude Include="OcclusionManager.h">
      <Filter>0. Engine\0. Core\2. Manager</Filter>
    </ClInclude>
    <ClInclude Include="OcclusionQueryShader.h">
      <Filter>0. Engine\3. Renderer\1. Shaders</Filter>
    </ClInclude>
    <ClInclude Include="ParticleRenderComponent.h">
      <Filter>0. Engine\1. GameObject &amp; Components\3. Components\RenderComponents</Filter>
    </ClInclude>
    <ClInclude Include="InstancedRenderComponent.h">
      <Filter>헤더 파일</Filter>
    </ClInclude>
    <ClInclude Include="InstanceglTFShader.h">
      <Filter>헤더 파일</Filter>
    </ClInclude>
  </ItemGroup>
  <ItemGroup>
    <ClCompile Include="GameFramework.cpp">
      <Filter>0. Engine\0. Core</Filter>
    </ClCompile>
    <ClCompile Include="Scene.cpp">
      <Filter>0. Engine\2. Scene</Filter>
    </ClCompile>
    <ClCompile Include="SceneManager.cpp">
      <Filter>0. Engine\2. Scene</Filter>
    </ClCompile>
    <ClCompile Include="InputManager.cpp">
      <Filter>0. Engine\5. Input</Filter>
    </ClCompile>
    <ClCompile Include="Shader.cpp">
      <Filter>0. Engine\3. Renderer</Filter>
    </ClCompile>
    <ClCompile Include="Chess_Scene.cpp">
      <Filter>1. Game\1. Scenes</Filter>
    </ClCompile>
    <ClCompile Include="NetworkManager.cpp">
      <Filter>0. Engine\6. Network</Filter>
    </ClCompile>
    <ClCompile Include="main.cpp">
      <Filter>5. App</Filter>
    </ClCompile>
    <ClCompile Include="Renderer.cpp">
      <Filter>0. Engine\3. Renderer</Filter>
    </ClCompile>
    <ClCompile Include="stdafx.cpp">
      <Filter>5. App</Filter>
    </ClCompile>
    <ClCompile Include="ResourceManager.cpp">
      <Filter>0. Engine\4. Resource</Filter>
    </ClCompile>
    <ClCompile Include="DebugShader.cpp">
      <Filter>0. Engine\3. Renderer\1. Shaders</Filter>
    </ClCompile>
    <ClCompile Include="DefaultObjectShader.cpp">
      <Filter>0. Engine\3. Renderer\1. Shaders</Filter>
    </ClCompile>
    <ClCompile Include="PlayerShader.cpp">
      <Filter>0. Engine\3. Renderer\1. Shaders</Filter>
    </ClCompile>
    <ClCompile Include="RootSignature.cpp">
      <Filter>0. Engine\3. Renderer</Filter>
    </ClCompile>
    <ClCompile Include="GlbShader.cpp">
      <Filter>0. Engine\3. Renderer\1. Shaders</Filter>
    </ClCompile>
    <ClCompile Include="ReadGLBMesh.cpp">
      <Filter>0. Engine\3. Renderer\2. Meshes</Filter>
    </ClCompile>
    <ClCompile Include="Object.cpp">
      <Filter>0. Engine\1. GameObject &amp; Components\0. Object</Filter>
    </ClCompile>
    <ClCompile Include="Behavior.cpp">
      <Filter>0. Engine\1. GameObject &amp; Components\1. Behavior</Filter>
    </ClCompile>
    <ClCompile Include="GameObject.cpp">
      <Filter>0. Engine\1. GameObject &amp; Components\2. GameObject</Filter>
    </ClCompile>
    <ClCompile Include="Component.cpp">
      <Filter>0. Engine\1. GameObject &amp; Components\3. Components</Filter>
    </ClCompile>
    <ClCompile Include="LayerManager.cpp">
      <Filter>0. Engine\1. GameObject &amp; Components\2. GameObject</Filter>
    </ClCompile>
    <ClCompile Include="Mesh.cpp">
      <Filter>0. Engine\3. Renderer\2. Meshes</Filter>
    </ClCompile>
    <ClCompile Include="ReadFBXMesh.cpp">
      <Filter>0. Engine\3. Renderer\2. Meshes</Filter>
    </ClCompile>
    <ClCompile Include="ReadGLTFMesh.cpp">
      <Filter>0. Engine\3. Renderer\2. Meshes</Filter>
    </ClCompile>
    <ClCompile Include="ReadOBJMesh.cpp">
      <Filter>0. Engine\3. Renderer\2. Meshes</Filter>
    </ClCompile>
    <ClCompile Include="GltfShader.cpp">
      <Filter>0. Engine\3. Renderer\1. Shaders</Filter>
    </ClCompile>
    <ClCompile Include="Camera.cpp">
      <Filter>0. Engine\3. Renderer\3. Camera</Filter>
    </ClCompile>
    <ClCompile Include="FreeCamera.cpp">
      <Filter>0. Engine\3. Renderer\3. Camera</Filter>
    </ClCompile>
    <ClCompile Include="DescriptorManager.cpp">
      <Filter>0. Engine\4. Resource</Filter>
    </ClCompile>
    <ClCompile Include="DDSTextureLoader12.cpp">
      <Filter>0. Engine\3. Renderer\4. TextureLoader</Filter>
    </ClCompile>
    <ClCompile Include="WICTextureLoader12.cpp">
      <Filter>0. Engine\3. Renderer\4. TextureLoader</Filter>
    </ClCompile>
    <ClCompile Include="SkyboxShader.cpp">
      <Filter>0. Engine\3. Renderer\1. Shaders</Filter>
    </ClCompile>
    <ClCompile Include="SkyboxMesh.cpp">
      <Filter>0. Engine\3. Renderer\2. Meshes</Filter>
    </ClCompile>
    <ClCompile Include="GltfSkinnedShader.cpp">
      <Filter>0. Engine\3. Renderer\1. Shaders</Filter>
    </ClCompile>
    <ClCompile Include="TerrainShader.cpp">
      <Filter>0. Engine\3. Renderer\1. Shaders</Filter>
    </ClCompile>
    <ClCompile Include="SkyboxRenderComponent.cpp">
      <Filter>0. Engine\1. GameObject &amp; Components\3. Components\RenderComponents</Filter>
    </ClCompile>
    <ClCompile Include="TerrainRenderComponent.cpp">
      <Filter>0. Engine\1. GameObject &amp; Components\3. Components\RenderComponents</Filter>
    </ClCompile>
    <ClCompile Include="LightManager.cpp">
      <Filter>0. Engine\3. Renderer\5. Lighting</Filter>
    </ClCompile>
    <ClCompile Include="TerrainLoader.cpp">
      <Filter>0. Engine\1. GameObject &amp; Components\4. Terrain</Filter>
    </ClCompile>
    <ClCompile Include="BehaviorTree.cpp">
      <Filter>0. Engine\7. Helper</Filter>
    </ClCompile>
    <ClCompile Include="MonsterHPUIShader.cpp">
      <Filter>0. Engine\3. Renderer\1. Shaders</Filter>
    </ClCompile>
    <ClCompile Include="MonsterHPUIRenderComponent.cpp">
      <Filter>0. Engine\1. GameObject &amp; Components\3. Components\RenderComponents</Filter>
    </ClCompile>
    <ClCompile Include="UIRenderComponent.cpp">
      <Filter>0. Engine\1. GameObject &amp; Components\3. Components\RenderComponents</Filter>
    </ClCompile>
    <ClCompile Include="UIShader.cpp">
      <Filter>0. Engine\3. Renderer\1. Shaders</Filter>
    </ClCompile>
    <ClCompile Include="PhysicsManager.cpp">
      <Filter>0. Engine\8. Physics</Filter>
    </ClCompile>
    <ClCompile Include="ColiderComponent.cpp">
      <Filter>0. Engine\1. GameObject &amp; Components\3. Components\PhysicsComponents</Filter>
    </ClCompile>
    <ClCompile Include="PhysicsColliderComponent.cpp">
      <Filter>0. Engine\1. GameObject &amp; Components\3. Components\PhysicsComponents</Filter>
    </ClCompile>
    <ClCompile Include="RenderComponent.cpp">
      <Filter>0. Engine\1. GameObject &amp; Components\3. Components\RenderComponents</Filter>
    </ClCompile>
    <ClCompile Include="ScriptComponent.cpp">
      <Filter>0. Engine\1. GameObject &amp; Components\3. Components\ScriptComponent</Filter>
    </ClCompile>
    <ClCompile Include="DebugDrawManager.cpp">
      <Filter>0. Engine\3. Renderer\6. DebugRender</Filter>
    </ClCompile>
    <ClCompile Include="ReplicationSystem.cpp">
      <Filter>0. Engine\0. Core\1. System</Filter>
    </ClCompile>
    <ClCompile Include="INetSync.cpp">
      <Filter>0. Engine\0. Core\1. System</Filter>
    </ClCompile>
    <ClCompile Include="PhysicsCharacterControllerComponent.cpp">
      <Filter>0. Engine\1. GameObject &amp; Components\3. Components\PhysicsComponents</Filter>
    </ClCompile>
    <ClCompile Include="Tool_Scene.cpp">
      <Filter>1. Game\1. Scenes</Filter>
    </ClCompile>
    <ClCompile Include="AnimationComponent.cpp">
      <Filter>0. Engine\1. GameObject &amp; Components\3. Components\AnimationComponent</Filter>
    </ClCompile>
    <ClCompile Include="CameraComponent.cpp">
      <Filter>0. Engine\1. GameObject &amp; Components\3. Components\CameraComponent</Filter>
    </ClCompile>
    <ClCompile Include="MonsterHPComponent.cpp">
      <Filter>0. Engine\1. GameObject &amp; Components\3. Components\MonsterHPComponent</Filter>
    </ClCompile>
    <ClCompile Include="SocketComponenet.cpp">
      <Filter>0. Engine\1. GameObject &amp; Components\3. Components\SocketComponenet</Filter>
    </ClCompile>
    <ClCompile Include="TransformComponent.cpp">
      <Filter>0. Engine\1. GameObject &amp; Components\3. Components\TransformComponent</Filter>
    </ClCompile>
    <ClCompile Include="imgui\imgui.cpp">
      <Filter>0. Engine\9. ImGui</Filter>
    </ClCompile>
    <ClCompile Include="imgui\imgui_demo.cpp">
      <Filter>0. Engine\9. ImGui</Filter>
    </ClCompile>
    <ClCompile Include="imgui\imgui_draw.cpp">
      <Filter>0. Engine\9. ImGui</Filter>
    </ClCompile>
    <ClCompile Include="imgui\imgui_impl_dx12.cpp">
      <Filter>0. Engine\9. ImGui</Filter>
    </ClCompile>
    <ClCompile Include="imgui\imgui_impl_win32.cpp">
      <Filter>0. Engine\9. ImGui</Filter>
    </ClCompile>
    <ClCompile Include="imgui\imgui_tables.cpp">
      <Filter>0. Engine\9. ImGui</Filter>
    </ClCompile>
    <ClCompile Include="imgui\imgui_widgets.cpp">
      <Filter>0. Engine\9. ImGui</Filter>
    </ClCompile>
    <ClCompile Include="ImGuiManager.cpp">
      <Filter>0. Engine\0. Core\2. Manager</Filter>
    </ClCompile>
    <ClCompile Include="ObjectManager.cpp">
      <Filter>0. Engine\0. Core\2. Manager</Filter>
    </ClCompile>
    <ClCompile Include="TimerManager.cpp">
      <Filter>0. Engine\0. Core\2. Manager</Filter>
    </ClCompile>
    <ClCompile Include="ToolCameraScript.cpp">
      <Filter>1. Game\2. Scripts\CameraScript</Filter>
    </ClCompile>
    <ClCompile Include="FreeCameraScript.cpp">
      <Filter>1. Game\2. Scripts\CameraScript</Filter>
    </ClCompile>
    <ClCompile Include="BoardCubeScript.cpp">
      <Filter>1. Game\2. Scripts\TestingTempScript</Filter>
    </ClCompile>
    <ClCompile Include="GltfTestScript.cpp">
      <Filter>1. Game\2. Scripts\TestingTempScript</Filter>
    </ClCompile>
    <ClCompile Include="MainPlayerScript.cpp">
      <Filter>1. Game\2. Scripts\MainLogics\MainPlayer</Filter>
    </ClCompile>
    <ClCompile Include="WeaponScript.cpp">
      <Filter>1. Game\2. Scripts\MainLogics\MainPlayer</Filter>
    </ClCompile>
    <ClCompile Include="NPCScript.cpp">
      <Filter>1. Game\2. Scripts\MainLogics\NPC</Filter>
    </ClCompile>
    <ClCompile Include="TainerScript.cpp">
      <Filter>1. Game\2. Scripts\MainLogics\NPC</Filter>
    </ClCompile>
    <ClCompile Include="OtherPlayerScript.cpp">
      <Filter>1. Game\2. Scripts\MainLogics\OtherPlayer</Filter>
    </ClCompile>
    <ClCompile Include="imgui\ImGuizmo.cpp">
      <Filter>0. Engine\9. ImGui</Filter>
    </ClCompile>
    <ClCompile Include="ShadowManager.cpp">
      <Filter>0. Engine\0. Core\2. Manager</Filter>
    </ClCompile>
    <ClCompile Include="ShadowDepthShader.cpp">
      <Filter>0. Engine\3. Renderer\1. Shaders</Filter>
    </ClCompile>
    <ClCompile Include="ShadowDepthSkinnedShader.cpp">
      <Filter>0. Engine\3. Renderer\1. Shaders</Filter>
    </ClCompile>
    <ClCompile Include="UIManager.cpp">
      <Filter>0. Engine\0. Core\2. Manager</Filter>
    </ClCompile>
    <ClCompile Include="LongswordScript.cpp">
      <Filter>1. Game\2. Scripts\MainLogics\MainPlayer</Filter>
    </ClCompile>
    <ClCompile Include="Main_Scene.cpp">
      <Filter>1. Game\1. Scenes</Filter>
    </ClCompile>
    <ClCompile Include="Boss_Scene.cpp">
      <Filter>1. Game\1. Scenes</Filter>
    </ClCompile>
    <ClCompile Include="UI_Frame_Shader.hlsl">
      <Filter>2. Shaders</Filter>
    </ClCompile>
    <ClCompile Include="UIFrameShader.cpp">
      <Filter>0. Engine\3. Renderer\1. Shaders</Filter>
    </ClCompile>
    <ClCompile Include="UIFrameRenderComponent.cpp">
      <Filter>0. Engine\1. GameObject &amp; Components\3. Components\RenderComponents</Filter>
    </ClCompile>
    <ClCompile Include="Title_Scene.cpp">
      <Filter>1. Game\1. Scenes</Filter>
    </ClCompile>
    <ClCompile Include="LinearAllocator.cpp">
      <Filter>0. Engine\0. Core\1. System</Filter>
    </ClCompile>
    <ClCompile Include="SoundManager.cpp">
      <Filter>0. Engine\0. Core\2. Manager</Filter>
    </ClCompile>
    <ClCompile Include="MinimapManager.cpp">
      <Filter>0. Engine\0. Core\2. Manager</Filter>
    </ClCompile>
    <ClCompile Include="MinimapShader.cpp">
      <Filter>0. Engine\3. Renderer\1. Shaders</Filter>
    </ClCompile>
    <ClCompile Include="TargetingComponent.cpp">
      <Filter>0. Engine\1. GameObject &amp; Components\3. Components\TargetingComponent</Filter>
    </ClCompile>
    <ClCompile Include="ParticleSystemComponent.cpp">
      <Filter>0. Engine\1. GameObject &amp; Components\3. Components\ParticleComponent</Filter>
    </ClCompile>
    <ClCompile Include="ParticleShader.cpp">
      <Filter>0. Engine\3. Renderer\1. Shaders</Filter>
    </ClCompile>
    <ClCompile Include="OcclusionManager.cpp">
      <Filter>0. Engine\0. Core\2. Manager</Filter>
    </ClCompile>
    <ClCompile Include="OcclusionQueryShader.cpp">
      <Filter>0. Engine\3. Renderer\1. Shaders</Filter>
    </ClCompile>
    <ClCompile Include="ParticleRenderComponent.cpp">
      <Filter>0. Engine\1. GameObject &amp; Components\3. Components\RenderComponents</Filter>
    </ClCompile>
    <ClCompile Include="InstancedRenderComponent.cpp">
      <Filter>소스 파일</Filter>
    </ClCompile>
  </ItemGroup>
  <ItemGroup>
    <ResourceCompile Include="Chess_Client.rc">
      <Filter>3. Resources</Filter>
    </ResourceCompile>
    <ResourceCompile Include="Resource.rc">
      <Filter>3. Resources</Filter>
    </ResourceCompile>
  </ItemGroup>
  <ItemGroup>
    <Image Include="Chess_Client.ico">
      <Filter>3. Resources</Filter>
    </Image>
    <Image Include="small.ico">
      <Filter>3. Resources</Filter>
    </Image>
  </ItemGroup>
  <ItemGroup>
    <None Include="GLB_Shader.hlsl">
      <Filter>2. Shaders</Filter>
    </None>
    <None Include="Debug.hlsl">
      <Filter>2. Shaders</Filter>
    </None>
    <None Include="Shaders.hlsl">
      <Filter>2. Shaders</Filter>
    </None>
    <None Include="packages.config">
      <Filter>4. External</Filter>
    </None>
    <None Include="Gltf_Shader.hlsl">
      <Filter>2. Shaders</Filter>
    </None>
    <None Include="Monster_HP_Shader.hlsl">
      <Filter>2. Shaders</Filter>
    </None>
    <None Include="UI_Shader.hlsl">
      <Filter>2. Shaders</Filter>
    </None>
    <None Include="IBL.hlsl">
      <Filter>2. Shaders</Filter>
    </None>
  </ItemGroup>
  <ItemGroup>
    <FxCompile Include="Skybox_Shader.hlsl">
      <Filter>2. Shaders</Filter>
    </FxCompile>
    <FxCompile Include="Gltf_Skinned_Shader.hlsl">
      <Filter>2. Shaders</Filter>
    </FxCompile>
    <FxCompile Include="Terrain_Shader.hlsl">
      <Filter>2. Shaders</Filter>
    </FxCompile>
    <FxCompile Include="Light.hlsl">
      <Filter>2. Shaders</Filter>
    </FxCompile>
    <FxCompile Include="Shadow_Depth.hlsl">
      <Filter>2. Shaders</Filter>
    </FxCompile>
    <FxCompile Include="Shadow_Sample.hlsl">
      <Filter>2. Shaders</Filter>
    </FxCompile>
    <FxCompile Include="Shadow_Depth_Skinned.hlsl">
      <Filter>2. Shaders</Filter>
    </FxCompile>
    <FxCompile Include="Minimap_shader.hlsl">
      <Filter>2. Shaders</Filter>
    </FxCompile>
    <FxCompile Include="Particle_CS.hlsl">
      <Filter>2. Shaders</Filter>
    </FxCompile>
    <FxCompile Include="Particle_Draw.hlsl">
      <Filter>2. Shaders</Filter>
    </FxCompile>
    <FxCompile Include="OcclusionQuery.hlsl">
      <Filter>2. Shaders</Filter>
    </FxCompile>
  </ItemGroup>
</Project>