<?xml version="1.0" encoding="utf-8"?>
<Project ToolsVersion="4.0" xmlns="http://schemas.microsoft.com/developer/msbuild/2003">
  <ItemGroup>
    <Filter Include="소스 파일">
      <UniqueIdentifier>{4FC737F1-C7A5-4376-A066-2A32D752A2FF}</UniqueIdentifier>
      <Extensions>cpp;c;cc;cxx;c++;cppm;ixx;def;odl;idl;hpj;bat;asm;asmx</Extensions>
    </Filter>
    <Filter Include="헤더 파일">
      <UniqueIdentifier>{93995380-89BD-4b04-88EB-625FBE52EBFB}</UniqueIdentifier>
      <Extensions>h;hh;hpp;hxx;h++;hm;inl;inc;ipp;xsd</Extensions>
    </Filter>
    <Filter Include="0. Engine">
      <UniqueIdentifier>{6730e9d7-258d-4cdc-a60a-a7ea4c98a5f7}</UniqueIdentifier>
    </Filter>
    <Filter Include="0. Engine\0. Core">
      <UniqueIdentifier>{d64dca8d-4d9d-4ffc-9f0b-3bdd36a86684}</UniqueIdentifier>
    </Filter>
    <Filter Include="0. Engine\1. GameObject &amp; Components">
      <UniqueIdentifier>{40fc7769-fa6c-4cfa-bd37-4a98bc2d4d93}</UniqueIdentifier>
    </Filter>
    <Filter Include="0. Engine\2. Scene">
      <UniqueIdentifier>{e72b49de-ff01-45b6-8e07-78de65576d73}</UniqueIdentifier>
    </Filter>
    <Filter Include="1. Game">
      <UniqueIdentifier>{8e324fec-cda5-4286-bd76-28664481253e}</UniqueIdentifier>
    </Filter>
    <Filter Include="2. Shaders">
      <UniqueIdentifier>{0068f34a-ddb9-4852-9c80-c942eb76cfd5}</UniqueIdentifier>
    </Filter>
    <Filter Include="3. Resources">
      <UniqueIdentifier>{301ec9b5-08aa-44d1-beea-f5c6a2401a67}</UniqueIdentifier>
    </Filter>
    <Filter Include="4. External">
      <UniqueIdentifier>{8ca5bc59-1c58-44c2-b0c7-03c92476ca1f}</UniqueIdentifier>
    </Filter>
    <Filter Include="5. App">
      <UniqueIdentifier>{e4c3f90e-7e5a-41e9-86d2-316a161999b9}</UniqueIdentifier>
    </Filter>
    <Filter Include="0. Engine\3. Renderer">
      <UniqueIdentifier>{dac40cf2-add3-4952-a011-2941edaba02f}</UniqueIdentifier>
    </Filter>
    <Filter Include="1. Game\1. Scenes">
      <UniqueIdentifier>{0ab5777e-dea9-4111-ae10-8f80fef9b406}</UniqueIdentifier>
    </Filter>
    <Filter Include="1. Game\0. GameObjects">
      <UniqueIdentifier>{bafa645d-167e-4014-b30a-619a52dd8b06}</UniqueIdentifier>
    </Filter>
    <Filter Include="1. Game\2. Scripts">
      <UniqueIdentifier>{0ef3f030-8b8e-42f0-9d8d-aafe373aee88}</UniqueIdentifier>
    </Filter>
    <Filter Include="1. Game\3. Components">
      <UniqueIdentifier>{97f1da0b-e79c-418e-a350-e3b3c3a84cd7}</UniqueIdentifier>
    </Filter>
    <Filter Include="0. Engine\4. Resource">
      <UniqueIdentifier>{d6386f6e-812d-4783-95f2-130cc65a370e}</UniqueIdentifier>
    </Filter>
    <Filter Include="0. Engine\5. Input">
      <UniqueIdentifier>{cd85da84-a0d2-440f-8376-38de42e6e5a7}</UniqueIdentifier>
    </Filter>
    <Filter Include="0. Engine\6. Network">
      <UniqueIdentifier>{bbbeeb8d-7ddc-4baf-b779-0e40344b10bc}</UniqueIdentifier>
    </Filter>
    <Filter Include="0. Engine\3. Renderer\1. Shaders">
      <UniqueIdentifier>{d2b00202-bdc5-4a93-a8e4-083aa9e580cf}</UniqueIdentifier>
    </Filter>
    <Filter Include="0. Engine\3. Renderer\2. Meshes">
      <UniqueIdentifier>{f2843c66-3557-4ecb-8bf5-90a971785347}</UniqueIdentifier>
    </Filter>
    <Filter Include="0. Engine\1. GameObject &amp; Components\0. Object">
      <UniqueIdentifier>{28044087-c5ad-4f75-83ea-b2ca74906fd8}</UniqueIdentifier>
    </Filter>
    <Filter Include="0. Engine\1. GameObject &amp; Components\1. Behaviour">
      <UniqueIdentifier>{d6bc12f8-cab7-47f6-9d9a-4b774be9fda4}</UniqueIdentifier>
    </Filter>
    <Filter Include="0. Engine\1. GameObject &amp; Components\2. GameObject">
      <UniqueIdentifier>{7d8d333e-662c-4518-867a-4deacc3add82}</UniqueIdentifier>
    </Filter>
    <Filter Include="0. Engine\1. GameObject &amp; Components\3. Components">
      <UniqueIdentifier>{2b2fa94d-e5b9-4d7e-bb50-04537f23ab0a}</UniqueIdentifier>
    </Filter>
  </ItemGroup>
  <ItemGroup>
    <ClInclude Include="GameFramework.h">
      <Filter>0. Engine\0. Core</Filter>
    </ClInclude>
    <ClInclude Include="ObjectManager.h">
      <Filter>0. Engine\0. Core</Filter>
    </ClInclude>
    <ClInclude Include="Timer.h">
      <Filter>0. Engine\0. Core</Filter>
    </ClInclude>
    <ClInclude Include="Scene.h">
      <Filter>0. Engine\2. Scene</Filter>
    </ClInclude>
    <ClInclude Include="SceneManager.h">
      <Filter>0. Engine\2. Scene</Filter>
    </ClInclude>
    <ClInclude Include="InputManager.h">
      <Filter>0. Engine\5. Input</Filter>
    </ClInclude>
    <ClInclude Include="Camera.h">
      <Filter>0. Engine\3. Renderer</Filter>
    </ClInclude>
    <ClInclude Include="FreeCamera.h">
      <Filter>0. Engine\3. Renderer</Filter>
    </ClInclude>
    <ClInclude Include="Shader.h">
      <Filter>0. Engine\3. Renderer</Filter>
    </ClInclude>
    <ClInclude Include="json.hpp">
      <Filter>4. External</Filter>
    </ClInclude>
    <ClInclude Include="Chess_Scene.h">
      <Filter>1. Game\1. Scenes</Filter>
    </ClInclude>
    <ClInclude Include="NetworkManager.h">
      <Filter>0. Engine\6. Network</Filter>
    </ClInclude>
    <ClInclude Include="main.h">
      <Filter>5. App</Filter>
    </ClInclude>
    <ClInclude Include="Renderer.h">
      <Filter>0. Engine\3. Renderer</Filter>
    </ClInclude>
    <ClInclude Include="Resource.h">
      <Filter>3. Resources</Filter>
    </ClInclude>
    <ClInclude Include="resource1.h">
      <Filter>3. Resources</Filter>
    </ClInclude>
    <ClInclude Include="stdafx.h">
      <Filter>5. App</Filter>
    </ClInclude>
    <ClInclude Include="targetver.h">
      <Filter>5. App</Filter>
    </ClInclude>
    <ClInclude Include="MainPlayerScript.h">
      <Filter>1. Game\2. Scripts</Filter>
    </ClInclude>
    <ClInclude Include="OtherPlayerScript.h">
      <Filter>1. Game\2. Scripts</Filter>
    </ClInclude>
    <ClInclude Include="ResourceManager.h">
      <Filter>0. Engine\4. Resource</Filter>
    </ClInclude>
    <ClInclude Include="BoardCubeScript.h">
      <Filter>1. Game\2. Scripts</Filter>
    </ClInclude>
    <ClInclude Include="DebugShader.h">
      <Filter>0. Engine\3. Renderer\1. Shaders</Filter>
    </ClInclude>
    <ClInclude Include="DefaultObjectShader.h">
      <Filter>0. Engine\3. Renderer\1. Shaders</Filter>
    </ClInclude>
    <ClInclude Include="PlayerShader.h">
      <Filter>0. Engine\3. Renderer\1. Shaders</Filter>
    </ClInclude>
    <ClInclude Include="RootSignature.h">
      <Filter>0. Engine\3. Renderer</Filter>
    </ClInclude>
    <ClInclude Include="GlbShader.h">
      <Filter>0. Engine\3. Renderer\1. Shaders</Filter>
    </ClInclude>
    <ClInclude Include="ReadGLBMesh.h">
      <Filter>0. Engine\3. Renderer\2. Meshes</Filter>
    </ClInclude>
    <ClInclude Include="Object.h">
      <Filter>0. Engine\1. GameObject &amp; Components\0. Object</Filter>
    </ClInclude>
    <ClInclude Include="Behaviour.h">
      <Filter>0. Engine\1. GameObject &amp; Components\1. Behaviour</Filter>
    </ClInclude>
    <ClInclude Include="GameObject.h">
      <Filter>0. Engine\1. GameObject &amp; Components\2. GameObject</Filter>
    </ClInclude>
    <ClInclude Include="Component.h">
      <Filter>0. Engine\1. GameObject &amp; Components\3. Components</Filter>
    </ClInclude>
    <ClInclude Include="TransformComponent.h">
      <Filter>0. Engine\1. GameObject &amp; Components\3. Components</Filter>
    </ClInclude>
    <ClInclude Include="ScriptComponent.h">
      <Filter>0. Engine\1. GameObject &amp; Components\3. Components</Filter>
    </ClInclude>
    <ClInclude Include="RenderComponent.h">
      <Filter>0. Engine\1. GameObject &amp; Components\3. Components</Filter>
    </ClInclude>
    <ClInclude Include="ColiderComponent.h">
      <Filter>0. Engine\1. GameObject &amp; Components\3. Components</Filter>
    </ClInclude>
    <ClInclude Include="LayerManager.h">
      <Filter>0. Engine\1. GameObject &amp; Components\2. GameObject</Filter>
    </ClInclude>
    <ClInclude Include="Mesh.h">
      <Filter>0. Engine\3. Renderer\2. Meshes</Filter>
    </ClInclude>
    <ClInclude Include="CameraComponent.h">
      <Filter>0. Engine\1. GameObject &amp; Components\3. Components</Filter>
    </ClInclude>
    <ClInclude Include="ReadFBXMesh.h">
      <Filter>0. Engine\3. Renderer\2. Meshes</Filter>
    </ClInclude>
    <ClInclude Include="ReadGLTFMesh.h">
      <Filter>0. Engine\3. Renderer\2. Meshes</Filter>
    </ClInclude>
    <ClInclude Include="ReadOBJMesh.h">
      <Filter>0. Engine\3. Renderer\2. Meshes</Filter>
    </ClInclude>
    <ClInclude Include="FreeCameraScript.h">
      <Filter>1. Game\2. Scripts</Filter>
    </ClInclude>
    <ClInclude Include="GltfShader.h">
      <Filter>0. Engine\3. Renderer\1. Shaders</Filter>
    </ClInclude>
    <ClInclude Include="GltfTestScript.h">
      <Filter>1. Game\2. Scripts</Filter>
    </ClInclude>
    <ClInclude Include="GltfMaterial.h">
      <Filter>0. Engine\3. Renderer</Filter>
    </ClInclude>
  </ItemGroup>
  <ItemGroup>
    <ClCompile Include="GameFramework.cpp">
      <Filter>0. Engine\0. Core</Filter>
    </ClCompile>
    <ClCompile Include="ObjectManager.cpp">
      <Filter>0. Engine\0. Core</Filter>
    </ClCompile>
    <ClCompile Include="Timer.cpp">
      <Filter>0. Engine\0. Core</Filter>
    </ClCompile>
    <ClCompile Include="Scene.cpp">
      <Filter>0. Engine\2. Scene</Filter>
    </ClCompile>
    <ClCompile Include="SceneManager.cpp">
      <Filter>0. Engine\2. Scene</Filter>
    </ClCompile>
    <ClCompile Include="InputManager.cpp">
      <Filter>0. Engine\5. Input</Filter>
    </ClCompile>
    <ClCompile Include="Camera.cpp">
      <Filter>0. Engine\3. Renderer</Filter>
    </ClCompile>
    <ClCompile Include="FreeCamera.cpp">
      <Filter>0. Engine\3. Renderer</Filter>
    </ClCompile>
    <ClCompile Include="Shader.cpp">
      <Filter>0. Engine\3. Renderer</Filter>
    </ClCompile>
    <ClCompile Include="Chess_Scene.cpp">
      <Filter>1. Game\1. Scenes</Filter>
    </ClCompile>
    <ClCompile Include="NetworkManager.cpp">
      <Filter>0. Engine\6. Network</Filter>
    </ClCompile>
    <ClCompile Include="main.cpp">
      <Filter>5. App</Filter>
    </ClCompile>
    <ClCompile Include="Renderer.cpp">
      <Filter>0. Engine\3. Renderer</Filter>
    </ClCompile>
    <ClCompile Include="stdafx.cpp">
      <Filter>5. App</Filter>
    </ClCompile>
    <ClCompile Include="MainPlayerScript.cpp">
      <Filter>1. Game\2. Scripts</Filter>
    </ClCompile>
    <ClCompile Include="OtherPlayerScript.cpp">
      <Filter>1. Game\2. Scripts</Filter>
    </ClCompile>
    <ClCompile Include="ResourceManager.cpp">
      <Filter>0. Engine\4. Resource</Filter>
    </ClCompile>
    <ClCompile Include="BoardCubeScript.cpp">
      <Filter>1. Game\2. Scripts</Filter>
    </ClCompile>
    <ClCompile Include="DebugShader.cpp">
      <Filter>0. Engine\3. Renderer\1. Shaders</Filter>
    </ClCompile>
    <ClCompile Include="DefaultObjectShader.cpp">
      <Filter>0. Engine\3. Renderer\1. Shaders</Filter>
    </ClCompile>
    <ClCompile Include="PlayerShader.cpp">
      <Filter>0. Engine\3. Renderer\1. Shaders</Filter>
    </ClCompile>
    <ClCompile Include="RootSignature.cpp">
      <Filter>0. Engine\3. Renderer</Filter>
    </ClCompile>
    <ClCompile Include="GlbShader.cpp">
      <Filter>0. Engine\3. Renderer\1. Shaders</Filter>
    </ClCompile>
    <ClCompile Include="ReadGLBMesh.cpp">
      <Filter>0. Engine\3. Renderer\2. Meshes</Filter>
    </ClCompile>
    <ClCompile Include="Object.cpp">
      <Filter>0. Engine\1. GameObject &amp; Components\0. Object</Filter>
    </ClCompile>
    <ClCompile Include="Behaviour.cpp">
      <Filter>0. Engine\1. GameObject &amp; Components\1. Behaviour</Filter>
    </ClCompile>
    <ClCompile Include="GameObject.cpp">
      <Filter>0. Engine\1. GameObject &amp; Components\2. GameObject</Filter>
    </ClCompile>
    <ClCompile Include="Component.cpp">
      <Filter>0. Engine\1. GameObject &amp; Components\3. Components</Filter>
    </ClCompile>
    <ClCompile Include="TransformComponent.cpp">
      <Filter>0. Engine\1. GameObject &amp; Components\3. Components</Filter>
    </ClCompile>
    <ClCompile Include="ScriptComponent.cpp">
      <Filter>0. Engine\1. GameObject &amp; Components\3. Components</Filter>
    </ClCompile>
    <ClCompile Include="RenderComponent.cpp">
      <Filter>0. Engine\1. GameObject &amp; Components\3. Components</Filter>
    </ClCompile>
    <ClCompile Include="ColiderComponent.cpp">
      <Filter>0. Engine\1. GameObject &amp; Components\3. Components</Filter>
    </ClCompile>
    <ClCompile Include="LayerManager.cpp">
      <Filter>0. Engine\1. GameObject &amp; Components\2. GameObject</Filter>
    </ClCompile>
    <ClCompile Include="Mesh.cpp">
      <Filter>0. Engine\3. Renderer\2. Meshes</Filter>
    </ClCompile>
    <ClCompile Include="CameraComponent.cpp">
      <Filter>0. Engine\1. GameObject &amp; Components\3. Components</Filter>
    </ClCompile>
    <ClCompile Include="ReadFBXMesh.cpp">
      <Filter>0. Engine\3. Renderer\2. Meshes</Filter>
    </ClCompile>
    <ClCompile Include="ReadGLTFMesh.cpp">
      <Filter>0. Engine\3. Renderer\2. Meshes</Filter>
    </ClCompile>
    <ClCompile Include="ReadOBJMesh.cpp">
      <Filter>0. Engine\3. Renderer\2. Meshes</Filter>
    </ClCompile>
    <ClCompile Include="FreeCameraScript.cpp">
      <Filter>1. Game\2. Scripts</Filter>
    </ClCompile>
    <ClCompile Include="GltfShader.cpp">
      <Filter>0. Engine\3. Renderer\1. Shaders</Filter>
    </ClCompile>
    <ClCompile Include="GltfTestScript.cpp">
      <Filter>1. Game\2. Scripts</Filter>
    </ClCompile>
    <ClCompile Include="GltfMaterial.cpp">
      <Filter>0. Engine\3. Renderer</Filter>
    </ClCompile>
  </ItemGroup>
  <ItemGroup>
    <ResourceCompile Include="Chess_Client.rc">
      <Filter>3. Resources</Filter>
    </ResourceCompile>
    <ResourceCompile Include="Resource.rc">
      <Filter>3. Resources</Filter>
    </ResourceCompile>
  </ItemGroup>
  <ItemGroup>
    <Image Include="Chess_Client.ico">
      <Filter>3. Resources</Filter>
    </Image>
    <Image Include="small.ico">
      <Filter>3. Resources</Filter>
    </Image>
  </ItemGroup>
  <ItemGroup>
    <None Include="GLB_Shader.hlsl">
      <Filter>2. Shaders</Filter>
    </None>
    <None Include="Debug.hlsl">
      <Filter>2. Shaders</Filter>
    </None>
    <None Include="Shaders.hlsl">
      <Filter>2. Shaders</Filter>
    </None>
    <None Include="packages.config">
      <Filter>4. External</Filter>
    </None>
    <None Include="Gltf_Shader.hlsl">
      <Filter>2. Shaders</Filter>
    </None>
  </ItemGroup>
</Project>