<?xml version="1.0" encoding="utf-8"?>
<Project ToolsVersion="17.0" xmlns="http://schemas.microsoft.com/developer/msbuild/2003">
  <ItemGroup>
    <ClCompile Include="C:\Users\MSI\Documents\GitHub\PIP\00_PIP_BeginningOfLegend_Project\CMakeFiles\Client.dir\cmake_pch.cxx">
      <Filter>Source Files</Filter>
    </ClCompile>
    <ClCompile Include="C:\Users\MSI\Documents\GitHub\PIP\Client\Client\GameFramework.cpp">
      <Filter>0. Engine\0. Core</Filter>
    </ClCompile>
    <ClCompile Include="C:\Users\MSI\Documents\GitHub\PIP\Client\Client\ObjectManager.cpp">
      <Filter>0. Engine\0. Core</Filter>
    </ClCompile>
    <ClCompile Include="C:\Users\MSI\Documents\GitHub\PIP\Client\Client\TimerManager.cpp">
      <Filter>0. Engine\0. Core</Filter>
    </ClCompile>
    <ClCompile Include="C:\Users\MSI\Documents\GitHub\PIP\Client\Client\Scene.cpp">
      <Filter>0. Engine\2. Scene</Filter>
    </ClCompile>
    <ClCompile Include="C:\Users\MSI\Documents\GitHub\PIP\Client\Client\SceneManager.cpp">
      <Filter>0. Engine\2. Scene</Filter>
    </ClCompile>
    <ClCompile Include="C:\Users\MSI\Documents\GitHub\PIP\Client\Client\InputManager.cpp">
      <Filter>0. Engine\5. Input</Filter>
    </ClCompile>
    <ClCompile Include="C:\Users\MSI\Documents\GitHub\PIP\Client\Client\Shader.cpp">
      <Filter>0. Engine\3. Renderer</Filter>
    </ClCompile>
    <ClCompile Include="C:\Users\MSI\Documents\GitHub\PIP\Client\Client\Chess_Scene.cpp">
      <Filter>1. Game\1. Scenes</Filter>
    </ClCompile>
    <ClCompile Include="C:\Users\MSI\Documents\GitHub\PIP\Client\Client\NetworkManager.cpp">
      <Filter>0. Engine\6. Network</Filter>
    </ClCompile>
    <ClCompile Include="C:\Users\MSI\Documents\GitHub\PIP\Client\Client\main.cpp">
      <Filter>5. App</Filter>
    </ClCompile>
    <ClCompile Include="C:\Users\MSI\Documents\GitHub\PIP\Client\Client\Renderer.cpp">
      <Filter>0. Engine\3. Renderer</Filter>
    </ClCompile>
    <ClCompile Include="C:\Users\MSI\Documents\GitHub\PIP\Client\Client\stdafx.cpp">
      <Filter>5. App</Filter>
    </ClCompile>
    <ClCompile Include="C:\Users\MSI\Documents\GitHub\PIP\Client\Client\MainPlayerScript.cpp">
      <Filter>1. Game\2. Scripts</Filter>
    </ClCompile>
    <ClCompile Include="C:\Users\MSI\Documents\GitHub\PIP\Client\Client\OtherPlayerScript.cpp">
      <Filter>1. Game\2. Scripts</Filter>
    </ClCompile>
    <ClCompile Include="C:\Users\MSI\Documents\GitHub\PIP\Client\Client\ResourceManager.cpp">
      <Filter>0. Engine\4. Resource</Filter>
    </ClCompile>
    <ClCompile Include="C:\Users\MSI\Documents\GitHub\PIP\Client\Client\BoardCubeScript.cpp">
      <Filter>1. Game\2. Scripts</Filter>
    </ClCompile>
    <ClCompile Include="C:\Users\MSI\Documents\GitHub\PIP\Client\Client\DebugShader.cpp">
      <Filter>0. Engine\3. Renderer\1. Shaders</Filter>
    </ClCompile>
    <ClCompile Include="C:\Users\MSI\Documents\GitHub\PIP\Client\Client\DefaultObjectShader.cpp">
      <Filter>0. Engine\3. Renderer\1. Shaders</Filter>
    </ClCompile>
    <ClCompile Include="C:\Users\MSI\Documents\GitHub\PIP\Client\Client\PlayerShader.cpp">
      <Filter>0. Engine\3. Renderer\1. Shaders</Filter>
    </ClCompile>
    <ClCompile Include="C:\Users\MSI\Documents\GitHub\PIP\Client\Client\RootSignature.cpp">
      <Filter>0. Engine\3. Renderer</Filter>
    </ClCompile>
    <ClCompile Include="C:\Users\MSI\Documents\GitHub\PIP\Client\Client\GlbShader.cpp">
      <Filter>0. Engine\3. Renderer\1. Shaders</Filter>
    </ClCompile>
    <ClCompile Include="C:\Users\MSI\Documents\GitHub\PIP\Client\Client\ReadGLBMesh.cpp">
      <Filter>0. Engine\3. Renderer\2. Meshes</Filter>
    </ClCompile>
    <ClCompile Include="C:\Users\MSI\Documents\GitHub\PIP\Client\Client\Object.cpp">
      <Filter>0. Engine\1. GameObject &amp; Components\0. Object</Filter>
    </ClCompile>
    <ClCompile Include="C:\Users\MSI\Documents\GitHub\PIP\Client\Client\Behaviour.cpp">
      <Filter>0. Engine\1. GameObject &amp; Components\1. Behaviour</Filter>
    </ClCompile>
    <ClCompile Include="C:\Users\MSI\Documents\GitHub\PIP\Client\Client\GameObject.cpp">
      <Filter>0. Engine\1. GameObject &amp; Components\2. GameObject</Filter>
    </ClCompile>
    <ClCompile Include="C:\Users\MSI\Documents\GitHub\PIP\Client\Client\Component.cpp">
      <Filter>0. Engine\1. GameObject &amp; Components\3. Components</Filter>
    </ClCompile>
    <ClCompile Include="C:\Users\MSI\Documents\GitHub\PIP\Client\Client\TransformComponent.cpp">
      <Filter>0. Engine\1. GameObject &amp; Components\3. Components</Filter>
    </ClCompile>
    <ClCompile Include="C:\Users\MSI\Documents\GitHub\PIP\Client\Client\ScriptComponent.cpp">
      <Filter>0. Engine\1. GameObject &amp; Components\3. Components</Filter>
    </ClCompile>
    <ClCompile Include="C:\Users\MSI\Documents\GitHub\PIP\Client\Client\RenderComponent.cpp">
      <Filter>0. Engine\1. GameObject &amp; Components\3. Components</Filter>
    </ClCompile>
    <ClCompile Include="C:\Users\MSI\Documents\GitHub\PIP\Client\Client\ColiderComponent.cpp">
      <Filter>0. Engine\1. GameObject &amp; Components\3. Components</Filter>
    </ClCompile>
    <ClCompile Include="C:\Users\MSI\Documents\GitHub\PIP\Client\Client\LayerManager.cpp">
      <Filter>0. Engine\1. GameObject &amp; Components\2. GameObject</Filter>
    </ClCompile>
    <ClCompile Include="C:\Users\MSI\Documents\GitHub\PIP\Client\Client\Mesh.cpp">
      <Filter>0. Engine\3. Renderer\2. Meshes</Filter>
    </ClCompile>
    <ClCompile Include="C:\Users\MSI\Documents\GitHub\PIP\Client\Client\CameraComponent.cpp">
      <Filter>0. Engine\1. GameObject &amp; Components\3. Components</Filter>
    </ClCompile>
    <ClCompile Include="C:\Users\MSI\Documents\GitHub\PIP\Client\Client\ReadFBXMesh.cpp">
      <Filter>0. Engine\3. Renderer\2. Meshes</Filter>
    </ClCompile>
    <ClCompile Include="C:\Users\MSI\Documents\GitHub\PIP\Client\Client\ReadGLTFMesh.cpp">
      <Filter>0. Engine\3. Renderer\2. Meshes</Filter>
    </ClCompile>
    <ClCompile Include="C:\Users\MSI\Documents\GitHub\PIP\Client\Client\ReadOBJMesh.cpp">
      <Filter>0. Engine\3. Renderer\2. Meshes</Filter>
    </ClCompile>
    <ClCompile Include="C:\Users\MSI\Documents\GitHub\PIP\Client\Client\FreeCameraScript.cpp">
      <Filter>1. Game\2. Scripts</Filter>
    </ClCompile>
    <ClCompile Include="C:\Users\MSI\Documents\GitHub\PIP\Client\Client\GltfShader.cpp">
      <Filter>0. Engine\3. Renderer\1. Shaders</Filter>
    </ClCompile>
    <ClCompile Include="C:\Users\MSI\Documents\GitHub\PIP\Client\Client\GltfTestScript.cpp">
      <Filter>1. Game\2. Scripts</Filter>
    </ClCompile>
    <ClCompile Include="C:\Users\MSI\Documents\GitHub\PIP\Client\Client\Camera.cpp">
      <Filter>0. Engine\3. Renderer\3. Camera</Filter>
    </ClCompile>
    <ClCompile Include="C:\Users\MSI\Documents\GitHub\PIP\Client\Client\FreeCamera.cpp">
      <Filter>0. Engine\3. Renderer\3. Camera</Filter>
    </ClCompile>
    <ClCompile Include="C:\Users\MSI\Documents\GitHub\PIP\Client\Client\DescriptorManager.cpp">
      <Filter>0. Engine\4. Resource</Filter>
    </ClCompile>
    <ClCompile Include="C:\Users\MSI\Documents\GitHub\PIP\Client\Client\NPCScript.cpp">
      <Filter>1. Game\2. Scripts</Filter>
    </ClCompile>
    <ClCompile Include="C:\Users\MSI\Documents\GitHub\PIP\Client\Client\DDSTextureLoader12.cpp">
      <Filter>0. Engine\3. Renderer\4. TextureLoader</Filter>
    </ClCompile>
    <ClCompile Include="C:\Users\MSI\Documents\GitHub\PIP\Client\Client\WICTextureLoader12.cpp">
      <Filter>0. Engine\3. Renderer\4. TextureLoader</Filter>
    </ClCompile>
  </ItemGroup>
  <ItemGroup>
    <ClInclude Include="C:\Users\MSI\Documents\GitHub\PIP\Client\Client\GameFramework.h">
      <Filter>0. Engine\0. Core</Filter>
    </ClInclude>
    <ClInclude Include="C:\Users\MSI\Documents\GitHub\PIP\Client\Client\ObjectManager.h">
      <Filter>0. Engine\0. Core</Filter>
    </ClInclude>
    <ClInclude Include="C:\Users\MSI\Documents\GitHub\PIP\Client\Client\TimerManager.h">
      <Filter>0. Engine\0. Core</Filter>
    </ClInclude>
    <ClInclude Include="C:\Users\MSI\Documents\GitHub\PIP\Client\Client\Scene.h">
      <Filter>0. Engine\2. Scene</Filter>
    </ClInclude>
    <ClInclude Include="C:\Users\MSI\Documents\GitHub\PIP\Client\Client\SceneManager.h">
      <Filter>0. Engine\2. Scene</Filter>
    </ClInclude>
    <ClInclude Include="C:\Users\MSI\Documents\GitHub\PIP\Client\Client\InputManager.h">
      <Filter>0. Engine\5. Input</Filter>
    </ClInclude>
    <ClInclude Include="C:\Users\MSI\Documents\GitHub\PIP\Client\Client\Shader.h">
      <Filter>0. Engine\3. Renderer</Filter>
    </ClInclude>
    <ClInclude Include="C:\Users\MSI\Documents\GitHub\PIP\Client\Client\json.hpp">
      <Filter>4. External</Filter>
    </ClInclude>
    <ClInclude Include="C:\Users\MSI\Documents\GitHub\PIP\Client\Client\Chess_Scene.h">
      <Filter>1. Game\1. Scenes</Filter>
    </ClInclude>
    <ClInclude Include="C:\Users\MSI\Documents\GitHub\PIP\Client\Client\NetworkManager.h">
      <Filter>0. Engine\6. Network</Filter>
    </ClInclude>
    <ClInclude Include="C:\Users\MSI\Documents\GitHub\PIP\Client\Client\main.h">
      <Filter>5. App</Filter>
    </ClInclude>
    <ClInclude Include="C:\Users\MSI\Documents\GitHub\PIP\Client\Client\Renderer.h">
      <Filter>0. Engine\3. Renderer</Filter>
    </ClInclude>
    <ClInclude Include="C:\Users\MSI\Documents\GitHub\PIP\Client\Client\Resource.h">
      <Filter>3. Resources</Filter>
    </ClInclude>
    <ClInclude Include="C:\Users\MSI\Documents\GitHub\PIP\Client\Client\resource1.h">
      <Filter>3. Resources</Filter>
    </ClInclude>
    <ClInclude Include="C:\Users\MSI\Documents\GitHub\PIP\Client\Client\stdafx.h">
      <Filter>5. App</Filter>
    </ClInclude>
    <ClInclude Include="C:\Users\MSI\Documents\GitHub\PIP\Client\Client\targetver.h">
      <Filter>5. App</Filter>
    </ClInclude>
    <ClInclude Include="C:\Users\MSI\Documents\GitHub\PIP\Client\Client\MainPlayerScript.h">
      <Filter>1. Game\2. Scripts</Filter>
    </ClInclude>
    <ClInclude Include="C:\Users\MSI\Documents\GitHub\PIP\Client\Client\OtherPlayerScript.h">
      <Filter>1. Game\2. Scripts</Filter>
    </ClInclude>
    <ClInclude Include="C:\Users\MSI\Documents\GitHub\PIP\Client\Client\ResourceManager.h">
      <Filter>0. Engine\4. Resource</Filter>
    </ClInclude>
    <ClInclude Include="C:\Users\MSI\Documents\GitHub\PIP\Client\Client\BoardCubeScript.h">
      <Filter>1. Game\2. Scripts</Filter>
    </ClInclude>
    <ClInclude Include="C:\Users\MSI\Documents\GitHub\PIP\Client\Client\DebugShader.h">
      <Filter>0. Engine\3. Renderer\1. Shaders</Filter>
    </ClInclude>
    <ClInclude Include="C:\Users\MSI\Documents\GitHub\PIP\Client\Client\DefaultObjectShader.h">
      <Filter>0. Engine\3. Renderer\1. Shaders</Filter>
    </ClInclude>
    <ClInclude Include="C:\Users\MSI\Documents\GitHub\PIP\Client\Client\PlayerShader.h">
      <Filter>0. Engine\3. Renderer\1. Shaders</Filter>
    </ClInclude>
    <ClInclude Include="C:\Users\MSI\Documents\GitHub\PIP\Client\Client\RootSignature.h">
      <Filter>0. Engine\3. Renderer</Filter>
    </ClInclude>
    <ClInclude Include="C:\Users\MSI\Documents\GitHub\PIP\Client\Client\GlbShader.h">
      <Filter>0. Engine\3. Renderer\1. Shaders</Filter>
    </ClInclude>
    <ClInclude Include="C:\Users\MSI\Documents\GitHub\PIP\Client\Client\ReadGLBMesh.h">
      <Filter>0. Engine\3. Renderer\2. Meshes</Filter>
    </ClInclude>
    <ClInclude Include="C:\Users\MSI\Documents\GitHub\PIP\Client\Client\Object.h">
      <Filter>0. Engine\1. GameObject &amp; Components\0. Object</Filter>
    </ClInclude>
    <ClInclude Include="C:\Users\MSI\Documents\GitHub\PIP\Client\Client\Behaviour.h">
      <Filter>0. Engine\1. GameObject &amp; Components\1. Behaviour</Filter>
    </ClInclude>
    <ClInclude Include="C:\Users\MSI\Documents\GitHub\PIP\Client\Client\GameObject.h">
      <Filter>0. Engine\1. GameObject &amp; Components\2. GameObject</Filter>
    </ClInclude>
    <ClInclude Include="C:\Users\MSI\Documents\GitHub\PIP\Client\Client\Component.h">
      <Filter>0. Engine\1. GameObject &amp; Components\3. Components</Filter>
    </ClInclude>
    <ClInclude Include="C:\Users\MSI\Documents\GitHub\PIP\Client\Client\TransformComponent.h">
      <Filter>0. Engine\1. GameObject &amp; Components\3. Components</Filter>
    </ClInclude>
    <ClInclude Include="C:\Users\MSI\Documents\GitHub\PIP\Client\Client\ScriptComponent.h">
      <Filter>0. Engine\1. GameObject &amp; Components\3. Components</Filter>
    </ClInclude>
    <ClInclude Include="C:\Users\MSI\Documents\GitHub\PIP\Client\Client\RenderComponent.h">
      <Filter>0. Engine\1. GameObject &amp; Components\3. Components</Filter>
    </ClInclude>
    <ClInclude Include="C:\Users\MSI\Documents\GitHub\PIP\Client\Client\ColiderComponent.h">
      <Filter>0. Engine\1. GameObject &amp; Components\3. Components</Filter>
    </ClInclude>
    <ClInclude Include="C:\Users\MSI\Documents\GitHub\PIP\Client\Client\LayerManager.h">
      <Filter>0. Engine\1. GameObject &amp; Components\2. GameObject</Filter>
    </ClInclude>
    <ClInclude Include="C:\Users\MSI\Documents\GitHub\PIP\Client\Client\Mesh.h">
      <Filter>0. Engine\3. Renderer\2. Meshes</Filter>
    </ClInclude>
    <ClInclude Include="C:\Users\MSI\Documents\GitHub\PIP\Client\Client\CameraComponent.h">
      <Filter>0. Engine\1. GameObject &amp; Components\3. Components</Filter>
    </ClInclude>
    <ClInclude Include="C:\Users\MSI\Documents\GitHub\PIP\Client\Client\ReadFBXMesh.h">
      <Filter>0. Engine\3. Renderer\2. Meshes</Filter>
    </ClInclude>
    <ClInclude Include="C:\Users\MSI\Documents\GitHub\PIP\Client\Client\ReadGLTFMesh.h">
      <Filter>0. Engine\3. Renderer\2. Meshes</Filter>
    </ClInclude>
    <ClInclude Include="C:\Users\MSI\Documents\GitHub\PIP\Client\Client\ReadOBJMesh.h">
      <Filter>0. Engine\3. Renderer\2. Meshes</Filter>
    </ClInclude>
    <ClInclude Include="C:\Users\MSI\Documents\GitHub\PIP\Client\Client\FreeCameraScript.h">
      <Filter>1. Game\2. Scripts</Filter>
    </ClInclude>
    <ClInclude Include="C:\Users\MSI\Documents\GitHub\PIP\Client\Client\GltfShader.h">
      <Filter>0. Engine\3. Renderer\1. Shaders</Filter>
    </ClInclude>
    <ClInclude Include="C:\Users\MSI\Documents\GitHub\PIP\Client\Client\GltfTestScript.h">
      <Filter>1. Game\2. Scripts</Filter>
    </ClInclude>
    <ClInclude Include="C:\Users\MSI\Documents\GitHub\PIP\Client\Client\Camera.h">
      <Filter>0. Engine\3. Renderer\3. Camera</Filter>
    </ClInclude>
    <ClInclude Include="C:\Users\MSI\Documents\GitHub\PIP\Client\Client\FreeCamera.h">
      <Filter>0. Engine\3. Renderer\3. Camera</Filter>
    </ClInclude>
    <ClInclude Include="C:\Users\MSI\Documents\GitHub\PIP\Client\Client\DescriptorManager.h">
      <Filter>0. Engine\4. Resource</Filter>
    </ClInclude>
    <ClInclude Include="C:\Users\MSI\Documents\GitHub\PIP\Client\Client\NPCScript.h">
      <Filter>1. Game\2. Scripts</Filter>
    </ClInclude>
    <ClInclude Include="C:\Users\MSI\Documents\GitHub\PIP\Client\Client\DDSTextureLoader12.h">
      <Filter>0. Engine\3. Renderer\4. TextureLoader</Filter>
    </ClInclude>
    <ClInclude Include="C:\Users\MSI\Documents\GitHub\PIP\Client\Client\WICTextureLoader12.h">
      <Filter>0. Engine\3. Renderer\4. TextureLoader</Filter>
    </ClInclude>
    <ClInclude Include="C:\Users\MSI\Documents\GitHub\PIP\Client\Client\GLB_Shader.hlsl">
      <Filter>2. Shaders</Filter>
    </ClInclude>
    <ClInclude Include="C:\Users\MSI\Documents\GitHub\PIP\Client\Client\Debug.hlsl">
      <Filter>2. Shaders</Filter>
    </ClInclude>
    <ClInclude Include="C:\Users\MSI\Documents\GitHub\PIP\Client\Client\Shaders.hlsl">
      <Filter>2. Shaders</Filter>
    </ClInclude>
    <ClInclude Include="C:\Users\MSI\Documents\GitHub\PIP\Client\Client\Gltf_Shader.hlsl">
      <Filter>2. Shaders</Filter>
    </ClInclude>
    <ClInclude Include="C:\Users\MSI\Documents\GitHub\PIP\00_PIP_BeginningOfLegend_Project\CMakeFiles\Client.dir\Debug\cmake_pch.hxx">
      <Filter>Precompile Header File</Filter>
    </ClInclude>
    <ClInclude Include="C:\Users\MSI\Documents\GitHub\PIP\00_PIP_BeginningOfLegend_Project\CMakeFiles\Client.dir\Release\cmake_pch.hxx">
      <Filter>Precompile Header File</Filter>
    </ClInclude>
    <ClInclude Include="C:\Users\MSI\Documents\GitHub\PIP\00_PIP_BeginningOfLegend_Project\CMakeFiles\Client.dir\MinSizeRel\cmake_pch.hxx">
      <Filter>Precompile Header File</Filter>
    </ClInclude>
    <ClInclude Include="C:\Users\MSI\Documents\GitHub\PIP\00_PIP_BeginningOfLegend_Project\CMakeFiles\Client.dir\RelWithDebInfo\cmake_pch.hxx">
      <Filter>Precompile Header File</Filter>
    </ClInclude>
  </ItemGroup>
  <ItemGroup>
    <CustomBuild Include="C:\Users\MSI\Documents\GitHub\PIP\CMakeLists.txt" />
  </ItemGroup>
  <ItemGroup>
    <None Include="C:\Users\MSI\Documents\GitHub\PIP\Client\Client\Chess_Client.ico">
      <Filter>3. Resources</Filter>
    </None>
    <None Include="C:\Users\MSI\Documents\GitHub\PIP\Client\Client\small.ico">
      <Filter>3. Resources</Filter>
    </None>
    <None Include="packages.config" />
  </ItemGroup>
  <ItemGroup>
    <ResourceCompile Include="C:\Users\MSI\Documents\GitHub\PIP\Client\Client\Chess_Client.rc">
      <Filter>3. Resources</Filter>
    </ResourceCompile>
    <ResourceCompile Include="C:\Users\MSI\Documents\GitHub\PIP\Client\Client\Resource.rc">
      <Filter>3. Resources</Filter>
    </ResourceCompile>
  </ItemGroup>
  <ItemGroup>
    <Filter Include="0. Engine">
      <UniqueIdentifier>{169B0314-9756-3102-B629-9F59AA11F876}</UniqueIdentifier>
    </Filter>
    <Filter Include="0. Engine\0. Core">
      <UniqueIdentifier>{E560EB78-0A7E-3B7A-A585-50D8228E1114}</UniqueIdentifier>
    </Filter>
    <Filter Include="0. Engine\1. GameObject &amp; Components">
      <UniqueIdentifier>{1B5971AC-A218-3CD6-A886-F977FAF23702}</UniqueIdentifier>
    </Filter>
    <Filter Include="0. Engine\1. GameObject &amp; Components\0. Object">
      <UniqueIdentifier>{F595A372-301A-32FA-BE79-867E0B66D263}</UniqueIdentifier>
    </Filter>
    <Filter Include="0. Engine\1. GameObject &amp; Components\1. Behaviour">
      <UniqueIdentifier>{ACA45B2F-ABD7-37C4-961B-AD4A6F179631}</UniqueIdentifier>
    </Filter>
    <Filter Include="0. Engine\1. GameObject &amp; Components\2. GameObject">
      <UniqueIdentifier>{60BF0DB9-2397-306C-8A8F-35BDCC27F1F4}</UniqueIdentifier>
    </Filter>
    <Filter Include="0. Engine\1. GameObject &amp; Components\3. Components">
      <UniqueIdentifier>{AD177070-8888-3FD2-BA4F-E7C8504F92AA}</UniqueIdentifier>
    </Filter>
    <Filter Include="0. Engine\2. Scene">
      <UniqueIdentifier>{F3136686-AD2F-3C6D-B03F-8E3D14AB92FD}</UniqueIdentifier>
    </Filter>
    <Filter Include="0. Engine\3. Renderer">
      <UniqueIdentifier>{0AEAF1C7-DA4E-3EDF-AF6D-A4F0D9A443C7}</UniqueIdentifier>
    </Filter>
    <Filter Include="0. Engine\3. Renderer\1. Shaders">
      <UniqueIdentifier>{76013339-ABF0-3134-B712-9877C0FE7BFA}</UniqueIdentifier>
    </Filter>
    <Filter Include="0. Engine\3. Renderer\2. Meshes">
      <UniqueIdentifier>{95E14CEA-C149-3802-AC15-4AE21AA67C7B}</UniqueIdentifier>
    </Filter>
    <Filter Include="0. Engine\3. Renderer\3. Camera">
      <UniqueIdentifier>{C86C769B-EE61-366B-810F-7CB42EA793BE}</UniqueIdentifier>
    </Filter>
    <Filter Include="0. Engine\3. Renderer\4. TextureLoader">
      <UniqueIdentifier>{56F315A5-0BC4-3AD6-BF18-0F30E2C0F9C6}</UniqueIdentifier>
    </Filter>
    <Filter Include="0. Engine\4. Resource">
      <UniqueIdentifier>{5C9A9721-549B-3A92-B365-0AC4E406765F}</UniqueIdentifier>
    </Filter>
    <Filter Include="0. Engine\5. Input">
      <UniqueIdentifier>{A181D66E-7760-3ECB-BADB-110250A241B1}</UniqueIdentifier>
    </Filter>
    <Filter Include="0. Engine\6. Network">
      <UniqueIdentifier>{790CFFF0-5562-3D02-8CFD-0ED637981794}</UniqueIdentifier>
    </Filter>
    <Filter Include="1. Game">
      <UniqueIdentifier>{615F2C11-BDA3-3C98-AE72-449EFBE3A93E}</UniqueIdentifier>
    </Filter>
    <Filter Include="1. Game\1. Scenes">
      <UniqueIdentifier>{7735E58A-6E68-3666-9590-93F4FBF12AFD}</UniqueIdentifier>
    </Filter>
    <Filter Include="1. Game\2. Scripts">
      <UniqueIdentifier>{7624DCB0-7F91-3067-9841-E1BAC684FF36}</UniqueIdentifier>
    </Filter>
    <Filter Include="2. Shaders">
      <UniqueIdentifier>{63B770CD-9FF1-3629-ABD1-6ACEABB09E7D}</UniqueIdentifier>
    </Filter>
    <Filter Include="3. Resources">
      <UniqueIdentifier>{077EECEB-72FF-374B-AF7C-C9A156949DF7}</UniqueIdentifier>
    </Filter>
    <Filter Include="4. External">
      <UniqueIdentifier>{6F765E59-B2C4-3E8A-BB79-EFB874F60036}</UniqueIdentifier>
    </Filter>
    <Filter Include="5. App">
      <UniqueIdentifier>{F3BB1822-006E-3D40-AEED-650C083ED8C1}</UniqueIdentifier>
    </Filter>
    <Filter Include="Precompile Header File">
      <UniqueIdentifier>{CE9E23EC-7C86-33D5-BB58-D0A29D969476}</UniqueIdentifier>
    </Filter>
    <Filter Include="Source Files">
      <UniqueIdentifier>{F5630B78-B36A-3748-BF35-5453626F73FD}</UniqueIdentifier>
    </Filter>
  </ItemGroup>
</Project>