
Microsoft Visual Studio Solution File, Format Version 12.00
# Visual Studio Version 17
VisualStudioVersion = 17.14.36603.0 d17.14
MinimumVisualStudioVersion = 10.0.40219.1
Project("{8BC9CEB8-8B4A-11D0-8D11-00A0C91BC942}") = "ALL_BUILD", "ALL_BUILD.vcxproj", "{DB8D3DA3-01D1-31AE-93E7-6BD05BFD8B89}"
	ProjectSection(ProjectDependencies) = postProject
		{E2212733-A6FA-357B-B12B-B8399D3B4B40} = {E2212733-A6FA-357B-B12B-B8399D3B4B40}
		{9C1B0828-5975-3260-BE9B-F0488CF81258} = {9C1B0828-5975-3260-BE9B-F0488CF81258}
		{D50BF4E9-56AD-3F0C-89D9-5BD85B24D513} = {D50BF4E9-56AD-3F0C-89D9-5BD85B24D513}
		{14008A15-AF67-37B8-831B-8A7FBB09CC92} = {14008A15-AF67-37B8-831B-8A7FBB09CC92}
	EndProjectSection
EndProject
Project("{8BC9CEB8-8B4A-11D0-8D11-00A0C91BC942}") = "Client", "Client.vcxproj", "{E2212733-A6FA-357B-B12B-B8399D3B4B40}"
	ProjectSection(ProjectDependencies) = postProject
		{9C1B0828-5975-3260-BE9B-F0488CF81258} = {9C1B0828-5975-3260-BE9B-F0488CF81258}
		{14008A15-AF67-37B8-831B-8A7FBB09CC92} = {14008A15-AF67-37B8-831B-8A7FBB09CC92}
	EndProjectSection
EndProject
Project("{8BC9CEB8-8B4A-11D0-8D11-00A0C91BC942}") = "INSTALL", "INSTALL.vcxproj", "{B472C815-973F-3612-B94B-EA14AD43E0A6}"
	ProjectSection(ProjectDependencies) = postProject
		{DB8D3DA3-01D1-31AE-93E7-6BD05BFD8B89} = {DB8D3DA3-01D1-31AE-93E7-6BD05BFD8B89}
		{14008A15-AF67-37B8-831B-8A7FBB09CC92} = {14008A15-AF67-37B8-831B-8A7FBB09CC92}
	EndProjectSection
EndProject
Project("{8BC9CEB8-8B4A-11D0-8D11-00A0C91BC942}") = "Jolt", "_deps\joltphysics-build\Jolt.vcxproj", "{9C1B0828-5975-3260-BE9B-F0488CF81258}"
	ProjectSection(ProjectDependencies) = postProject
		{14008A15-AF67-37B8-831B-8A7FBB09CC92} = {14008A15-AF67-37B8-831B-8A7FBB09CC92}
	EndProjectSection
EndProject
Project("{8BC9CEB8-8B4A-11D0-8D11-00A0C91BC942}") = "Server", "Server.vcxproj", "{D50BF4E9-56AD-3F0C-89D9-5BD85B24D513}"
	ProjectSection(ProjectDependencies) = postProject
		{9C1B0828-5975-3260-BE9B-F0488CF81258} = {9C1B0828-5975-3260-BE9B-F0488CF81258}
		{14008A15-AF67-37B8-831B-8A7FBB09CC92} = {14008A15-AF67-37B8-831B-8A7FBB09CC92}
	EndProjectSection
EndProject
Project("{8BC9CEB8-8B4A-11D0-8D11-00A0C91BC942}") = "ZERO_CHECK", "ZERO_CHECK.vcxproj", "{14008A15-AF67-37B8-831B-8A7FBB09CC92}"
EndProject
Global
	GlobalSection(SolutionConfigurationPlatforms) = preSolution
		Debug|x64 = Debug|x64
		Release|x64 = Release|x64
	EndGlobalSection
	GlobalSection(ProjectConfigurationPlatforms) = postSolution
		{DB8D3DA3-01D1-31AE-93E7-6BD05BFD8B89}.Debug|x64.ActiveCfg = Debug|x64
		{DB8D3DA3-01D1-31AE-93E7-6BD05BFD8B89}.Debug|x64.Build.0 = Debug|x64
		{DB8D3DA3-01D1-31AE-93E7-6BD05BFD8B89}.Release|x64.ActiveCfg = Release|x64
		{DB8D3DA3-01D1-31AE-93E7-6BD05BFD8B89}.Release|x64.Build.0 = Release|x64
		{E2212733-A6FA-357B-B12B-B8399D3B4B40}.Debug|x64.ActiveCfg = Debug|x64
		{E2212733-A6FA-357B-B12B-B8399D3B4B40}.Debug|x64.Build.0 = Debug|x64
		{E2212733-A6FA-357B-B12B-B8399D3B4B40}.Release|x64.ActiveCfg = Release|x64
		{E2212733-A6FA-357B-B12B-B8399D3B4B40}.Release|x64.Build.0 = Release|x64
		{B472C815-973F-3612-B94B-EA14AD43E0A6}.Debug|x64.ActiveCfg = Debug|x64
		{B472C815-973F-3612-B94B-EA14AD43E0A6}.Release|x64.ActiveCfg = Release|x64
		{9C1B0828-5975-3260-BE9B-F0488CF81258}.Debug|x64.ActiveCfg = Debug|x64
		{9C1B0828-5975-3260-BE9B-F0488CF81258}.Debug|x64.Build.0 = Debug|x64
		{9C1B0828-5975-3260-BE9B-F0488CF81258}.Release|x64.ActiveCfg = Release|x64
		{9C1B0828-5975-3260-BE9B-F0488CF81258}.Release|x64.Build.0 = Release|x64
		{D50BF4E9-56AD-3F0C-89D9-5BD85B24D513}.Debug|x64.ActiveCfg = Debug|x64
		{D50BF4E9-56AD-3F0C-89D9-5BD85B24D513}.Debug|x64.Build.0 = Debug|x64
		{D50BF4E9-56AD-3F0C-89D9-5BD85B24D513}.Release|x64.ActiveCfg = Release|x64
		{D50BF4E9-56AD-3F0C-89D9-5BD85B24D513}.Release|x64.Build.0 = Release|x64
		{14008A15-AF67-37B8-831B-8A7FBB09CC92}.Debug|x64.ActiveCfg = Debug|x64
		{14008A15-AF67-37B8-831B-8A7FBB09CC92}.Debug|x64.Build.0 = Debug|x64
		{14008A15-AF67-37B8-831B-8A7FBB09CC92}.Release|x64.ActiveCfg = Release|x64
		{14008A15-AF67-37B8-831B-8A7FBB09CC92}.Release|x64.Build.0 = Release|x64
	EndGlobalSection
	GlobalSection(SolutionProperties) = preSolution
		HideSolutionNode = FALSE
	EndGlobalSection
	GlobalSection(ExtensibilityGlobals) = postSolution
		SolutionGuid = {6153B192-8B7B-3FB8-9FD0-7523AF0AEDE9}
	EndGlobalSection
EndGlobal
