
Microsoft Visual Studio Solution File, Format Version 12.00
# Visual Studio Version 17
Project("{8BC9CEB8-8B4A-11D0-8D11-00A0C91BC942}") = "ALL_BUILD", "ALL_BUILD.vcxproj", "{157EFE09-907E-319E-A62C-01E8F0A4EEC8}"
	ProjectSection(ProjectDependencies) = postProject
		{B4B0D3EA-65C3-38B5-9000-10612F0098A9} = {B4B0D3EA-65C3-38B5-9000-10612F0098A9}
		{7487EDA7-C322-3FDC-9A6F-5557E0D489B9} = {7487EDA7-C322-3FDC-9A6F-5557E0D489B9}
		{701BB6BB-5D3D-3E66-944C-389A3F979F8C} = {701BB6BB-5D3D-3E66-944C-389A3F979F8C}
		{FACC1F67-22C9-3F3B-B963-7D16608D3EE7} = {FACC1F67-22C9-3F3B-B963-7D16608D3EE7}
	EndProjectSection
EndProject
Project("{8BC9CEB8-8B4A-11D0-8D11-00A0C91BC942}") = "Client", "Client.vcxproj", "{B4B0D3EA-65C3-38B5-9000-10612F0098A9}"
	ProjectSection(ProjectDependencies) = postProject
		{7487EDA7-C322-3FDC-9A6F-5557E0D489B9} = {7487EDA7-C322-3FDC-9A6F-5557E0D489B9}
		{FACC1F67-22C9-3F3B-B963-7D16608D3EE7} = {FACC1F67-22C9-3F3B-B963-7D16608D3EE7}
	EndProjectSection
EndProject
Project("{8BC9CEB8-8B4A-11D0-8D11-00A0C91BC942}") = "INSTALL", "INSTALL.vcxproj", "{0F84C734-6BF0-34D5-A1D0-BA29AAF725ED}"
	ProjectSection(ProjectDependencies) = postProject
		{157EFE09-907E-319E-A62C-01E8F0A4EEC8} = {157EFE09-907E-319E-A62C-01E8F0A4EEC8}
		{FACC1F67-22C9-3F3B-B963-7D16608D3EE7} = {FACC1F67-22C9-3F3B-B963-7D16608D3EE7}
	EndProjectSection
EndProject
Project("{8BC9CEB8-8B4A-11D0-8D11-00A0C91BC942}") = "Jolt", "_deps\joltphysics-build\Jolt.vcxproj", "{7487EDA7-C322-3FDC-9A6F-5557E0D489B9}"
	ProjectSection(ProjectDependencies) = postProject
		{FACC1F67-22C9-3F3B-B963-7D16608D3EE7} = {FACC1F67-22C9-3F3B-B963-7D16608D3EE7}
	EndProjectSection
EndProject
Project("{8BC9CEB8-8B4A-11D0-8D11-00A0C91BC942}") = "Server", "Server.vcxproj", "{701BB6BB-5D3D-3E66-944C-389A3F979F8C}"
	ProjectSection(ProjectDependencies) = postProject
		{7487EDA7-C322-3FDC-9A6F-5557E0D489B9} = {7487EDA7-C322-3FDC-9A6F-5557E0D489B9}
		{FACC1F67-22C9-3F3B-B963-7D16608D3EE7} = {FACC1F67-22C9-3F3B-B963-7D16608D3EE7}
	EndProjectSection
EndProject
Project("{8BC9CEB8-8B4A-11D0-8D11-00A0C91BC942}") = "ZERO_CHECK", "ZERO_CHECK.vcxproj", "{FACC1F67-22C9-3F3B-B963-7D16608D3EE7}"
	ProjectSection(ProjectDependencies) = postProject
	EndProjectSection
EndProject
Global
	GlobalSection(SolutionConfigurationPlatforms) = preSolution
		Debug|x64 = Debug|x64
		Release|x64 = Release|x64
		MinSizeRel|x64 = MinSizeRel|x64
		RelWithDebInfo|x64 = RelWithDebInfo|x64
	EndGlobalSection
	GlobalSection(ProjectConfigurationPlatforms) = postSolution
		{157EFE09-907E-319E-A62C-01E8F0A4EEC8}.Debug|x64.ActiveCfg = Debug|x64
		{157EFE09-907E-319E-A62C-01E8F0A4EEC8}.Debug|x64.Build.0 = Debug|x64
		{157EFE09-907E-319E-A62C-01E8F0A4EEC8}.Release|x64.ActiveCfg = Release|x64
		{157EFE09-907E-319E-A62C-01E8F0A4EEC8}.Release|x64.Build.0 = Release|x64
		{157EFE09-907E-319E-A62C-01E8F0A4EEC8}.MinSizeRel|x64.ActiveCfg = MinSizeRel|x64
		{157EFE09-907E-319E-A62C-01E8F0A4EEC8}.MinSizeRel|x64.Build.0 = MinSizeRel|x64
		{157EFE09-907E-319E-A62C-01E8F0A4EEC8}.RelWithDebInfo|x64.ActiveCfg = RelWithDebInfo|x64
		{157EFE09-907E-319E-A62C-01E8F0A4EEC8}.RelWithDebInfo|x64.Build.0 = RelWithDebInfo|x64
		{B4B0D3EA-65C3-38B5-9000-10612F0098A9}.Debug|x64.ActiveCfg = Debug|x64
		{B4B0D3EA-65C3-38B5-9000-10612F0098A9}.Debug|x64.Build.0 = Debug|x64
		{B4B0D3EA-65C3-38B5-9000-10612F0098A9}.Release|x64.ActiveCfg = Release|x64
		{B4B0D3EA-65C3-38B5-9000-10612F0098A9}.Release|x64.Build.0 = Release|x64
		{B4B0D3EA-65C3-38B5-9000-10612F0098A9}.MinSizeRel|x64.ActiveCfg = MinSizeRel|x64
		{B4B0D3EA-65C3-38B5-9000-10612F0098A9}.MinSizeRel|x64.Build.0 = MinSizeRel|x64
		{B4B0D3EA-65C3-38B5-9000-10612F0098A9}.RelWithDebInfo|x64.ActiveCfg = RelWithDebInfo|x64
		{B4B0D3EA-65C3-38B5-9000-10612F0098A9}.RelWithDebInfo|x64.Build.0 = RelWithDebInfo|x64
		{0F84C734-6BF0-34D5-A1D0-BA29AAF725ED}.Debug|x64.ActiveCfg = Debug|x64
		{0F84C734-6BF0-34D5-A1D0-BA29AAF725ED}.Release|x64.ActiveCfg = Release|x64
		{0F84C734-6BF0-34D5-A1D0-BA29AAF725ED}.MinSizeRel|x64.ActiveCfg = MinSizeRel|x64
		{0F84C734-6BF0-34D5-A1D0-BA29AAF725ED}.RelWithDebInfo|x64.ActiveCfg = RelWithDebInfo|x64
		{7487EDA7-C322-3FDC-9A6F-5557E0D489B9}.Debug|x64.ActiveCfg = Debug|x64
		{7487EDA7-C322-3FDC-9A6F-5557E0D489B9}.Debug|x64.Build.0 = Debug|x64
		{7487EDA7-C322-3FDC-9A6F-5557E0D489B9}.Release|x64.ActiveCfg = Release|x64
		{7487EDA7-C322-3FDC-9A6F-5557E0D489B9}.Release|x64.Build.0 = Release|x64
		{7487EDA7-C322-3FDC-9A6F-5557E0D489B9}.MinSizeRel|x64.ActiveCfg = MinSizeRel|x64
		{7487EDA7-C322-3FDC-9A6F-5557E0D489B9}.MinSizeRel|x64.Build.0 = MinSizeRel|x64
		{7487EDA7-C322-3FDC-9A6F-5557E0D489B9}.RelWithDebInfo|x64.ActiveCfg = RelWithDebInfo|x64
		{7487EDA7-C322-3FDC-9A6F-5557E0D489B9}.RelWithDebInfo|x64.Build.0 = RelWithDebInfo|x64
		{701BB6BB-5D3D-3E66-944C-389A3F979F8C}.Debug|x64.ActiveCfg = Debug|x64
		{701BB6BB-5D3D-3E66-944C-389A3F979F8C}.Debug|x64.Build.0 = Debug|x64
		{701BB6BB-5D3D-3E66-944C-389A3F979F8C}.Release|x64.ActiveCfg = Release|x64
		{701BB6BB-5D3D-3E66-944C-389A3F979F8C}.Release|x64.Build.0 = Release|x64
		{701BB6BB-5D3D-3E66-944C-389A3F979F8C}.MinSizeRel|x64.ActiveCfg = MinSizeRel|x64
		{701BB6BB-5D3D-3E66-944C-389A3F979F8C}.MinSizeRel|x64.Build.0 = MinSizeRel|x64
		{701BB6BB-5D3D-3E66-944C-389A3F979F8C}.RelWithDebInfo|x64.ActiveCfg = RelWithDebInfo|x64
		{701BB6BB-5D3D-3E66-944C-389A3F979F8C}.RelWithDebInfo|x64.Build.0 = RelWithDebInfo|x64
		{FACC1F67-22C9-3F3B-B963-7D16608D3EE7}.Debug|x64.ActiveCfg = Debug|x64
		{FACC1F67-22C9-3F3B-B963-7D16608D3EE7}.Debug|x64.Build.0 = Debug|x64
		{FACC1F67-22C9-3F3B-B963-7D16608D3EE7}.Release|x64.ActiveCfg = Release|x64
		{FACC1F67-22C9-3F3B-B963-7D16608D3EE7}.Release|x64.Build.0 = Release|x64
		{FACC1F67-22C9-3F3B-B963-7D16608D3EE7}.MinSizeRel|x64.ActiveCfg = MinSizeRel|x64
		{FACC1F67-22C9-3F3B-B963-7D16608D3EE7}.MinSizeRel|x64.Build.0 = MinSizeRel|x64
		{FACC1F67-22C9-3F3B-B963-7D16608D3EE7}.RelWithDebInfo|x64.ActiveCfg = RelWithDebInfo|x64
		{FACC1F67-22C9-3F3B-B963-7D16608D3EE7}.RelWithDebInfo|x64.Build.0 = RelWithDebInfo|x64
	EndGlobalSection
	GlobalSection(ExtensibilityGlobals) = postSolution
		SolutionGuid = {683D1C96-27A8-3ED5-835F-4D6A7577582B}
	EndGlobalSection
	GlobalSection(ExtensibilityAddIns) = postSolution
	EndGlobalSection
EndGlobal
