<?xml version="1.0" encoding="utf-8"?>
<Project ToolsVersion="17.0" xmlns="http://schemas.microsoft.com/developer/msbuild/2003">
  <ItemGroup>
    <ClCompile Include="C:\Users\MSI\Documents\GitHub\PIP\00_PIP_BeginningOfLegend_Project\CMakeFiles\Server.dir\cmake_pch.cxx">
      <Filter>Source Files</Filter>
    </ClCompile>
    <ClCompile Include="C:\Users\MSI\Documents\GitHub\PIP\Server\Server\PacketHandlers.cpp">
      <Filter>소스 파일\Packet</Filter>
    </ClCompile>
    <ClCompile Include="C:\Users\MSI\Documents\GitHub\PIP\Server\Server\PacketManager.cpp">
      <Filter>소스 파일\Packet</Filter>
    </ClCompile>
    <ClCompile Include="C:\Users\MSI\Documents\GitHub\PIP\Server\Server\MapDataManager.cpp">
      <Filter>소스 파일\Manager\MapDataManager</Filter>
    </ClCompile>
    <ClCompile Include="C:\Users\MSI\Documents\GitHub\PIP\Server\Server\Room.cpp">
      <Filter>소스 파일\Server</Filter>
    </ClCompile>
    <ClCompile Include="C:\Users\MSI\Documents\GitHub\PIP\Server\Server\server.cpp">
      <Filter>소스 파일\Server</Filter>
    </ClCompile>
    <ClCompile Include="C:\Users\MSI\Documents\GitHub\PIP\Server\Server\Player.cpp">
      <Filter>소스 파일\Player</Filter>
    </ClCompile>
    <ClCompile Include="C:\Users\MSI\Documents\GitHub\PIP\Server\Server\main.cpp">
      <Filter>소스 파일\Core</Filter>
    </ClCompile>
    <ClCompile Include="C:\Users\MSI\Documents\GitHub\PIP\Server\Server\pch.cpp">
      <Filter>소스 파일\Core</Filter>
    </ClCompile>
    <ClCompile Include="C:\Users\MSI\Documents\GitHub\PIP\Server\Server\NPC.cpp">
      <Filter>소스 파일\NPC</Filter>
    </ClCompile>
  </ItemGroup>
  <ItemGroup>
    <ClInclude Include="C:\Users\MSI\Documents\GitHub\PIP\Server\Server\PacketHandlers.h">
      <Filter>소스 파일\Packet</Filter>
    </ClInclude>
    <ClInclude Include="C:\Users\MSI\Documents\GitHub\PIP\Server\Server\PacketManager.h">
      <Filter>소스 파일\Packet</Filter>
    </ClInclude>
    <ClInclude Include="C:\Users\MSI\Documents\GitHub\PIP\Server\Server\json.hpp">
      <Filter>소스 파일\JSON</Filter>
    </ClInclude>
    <ClInclude Include="C:\Users\MSI\Documents\GitHub\PIP\Server\Server\MapDataManager.h">
      <Filter>소스 파일\Manager\MapDataManager</Filter>
    </ClInclude>
    <ClInclude Include="C:\Users\MSI\Documents\GitHub\PIP\Server\Server\Room.h">
      <Filter>소스 파일\Server</Filter>
    </ClInclude>
    <ClInclude Include="C:\Users\MSI\Documents\GitHub\PIP\Server\Server\server.h">
      <Filter>소스 파일\Server</Filter>
    </ClInclude>
    <ClInclude Include="C:\Users\MSI\Documents\GitHub\PIP\Server\Server\Player.h">
      <Filter>소스 파일\Player</Filter>
    </ClInclude>
    <ClInclude Include="C:\Users\MSI\Documents\GitHub\PIP\Server\Server\pch.h">
      <Filter>소스 파일\Core</Filter>
    </ClInclude>
    <ClInclude Include="C:\Users\MSI\Documents\GitHub\PIP\Server\Server\ServerCore.h">
      <Filter>소스 파일\Core</Filter>
    </ClInclude>
    <ClInclude Include="C:\Users\MSI\Documents\GitHub\PIP\Server\Server\NPC.h">
      <Filter>소스 파일\NPC</Filter>
    </ClInclude>
    <ClInclude Include="C:\Users\MSI\Documents\GitHub\PIP\00_PIP_BeginningOfLegend_Project\CMakeFiles\Server.dir\Debug\cmake_pch.hxx">
      <Filter>Precompile Header File</Filter>
    </ClInclude>
    <ClInclude Include="C:\Users\MSI\Documents\GitHub\PIP\00_PIP_BeginningOfLegend_Project\CMakeFiles\Server.dir\Release\cmake_pch.hxx">
      <Filter>Precompile Header File</Filter>
    </ClInclude>
    <ClInclude Include="C:\Users\MSI\Documents\GitHub\PIP\00_PIP_BeginningOfLegend_Project\CMakeFiles\Server.dir\MinSizeRel\cmake_pch.hxx">
      <Filter>Precompile Header File</Filter>
    </ClInclude>
    <ClInclude Include="C:\Users\MSI\Documents\GitHub\PIP\00_PIP_BeginningOfLegend_Project\CMakeFiles\Server.dir\RelWithDebInfo\cmake_pch.hxx">
      <Filter>Precompile Header File</Filter>
    </ClInclude>
  </ItemGroup>
  <ItemGroup>
    <CustomBuild Include="C:\Users\MSI\Documents\GitHub\PIP\CMakeLists.txt" />
  </ItemGroup>
  <ItemGroup>
    <Filter Include="Precompile Header File">
      <UniqueIdentifier>{CE9E23EC-7C86-33D5-BB58-D0A29D969476}</UniqueIdentifier>
    </Filter>
    <Filter Include="Source Files">
      <UniqueIdentifier>{F5630B78-B36A-3748-BF35-5453626F73FD}</UniqueIdentifier>
    </Filter>
    <Filter Include="소스 파일">
      <UniqueIdentifier>{2298F63B-BC17-358F-9AD0-164B2F3BA278}</UniqueIdentifier>
    </Filter>
    <Filter Include="소스 파일\Core">
      <UniqueIdentifier>{77D3B05B-4226-3315-BB03-A5784D7B9F9C}</UniqueIdentifier>
    </Filter>
    <Filter Include="소스 파일\JSON">
      <UniqueIdentifier>{7DBE7AD7-C19D-3EF6-A5A1-1174BADBD3E6}</UniqueIdentifier>
    </Filter>
    <Filter Include="소스 파일\Manager">
      <UniqueIdentifier>{58AED77A-BF06-36A5-A749-A145993B9D25}</UniqueIdentifier>
    </Filter>
    <Filter Include="소스 파일\Manager\MapDataManager">
      <UniqueIdentifier>{811447CD-6C32-37F8-A423-5B9C468FE78B}</UniqueIdentifier>
    </Filter>
    <Filter Include="소스 파일\NPC">
      <UniqueIdentifier>{6B48C524-F7A2-3C81-8994-4658FF480248}</UniqueIdentifier>
    </Filter>
    <Filter Include="소스 파일\Packet">
      <UniqueIdentifier>{211D07EE-ED0A-3BCA-AA72-D2A64FEA8389}</UniqueIdentifier>
    </Filter>
    <Filter Include="소스 파일\Player">
      <UniqueIdentifier>{78215B2C-C094-3FCA-996A-EA9A44D2D536}</UniqueIdentifier>
    </Filter>
    <Filter Include="소스 파일\Server">
      <UniqueIdentifier>{D124D4CA-0B7C-33F1-9AF9-E60207B71697}</UniqueIdentifier>
    </Filter>
  </ItemGroup>
</Project>
