<?xml version="1.0" encoding="utf-8"?>
<Project ToolsVersion="4.0" xmlns="http://schemas.microsoft.com/developer/msbuild/2003">
  <ItemGroup>
    <Filter Include="소스 파일">
      <UniqueIdentifier>{4FC737F1-C7A5-4376-A066-2A32D752A2FF}</UniqueIdentifier>
      <Extensions>cpp;c;cc;cxx;c++;cppm;ixx;def;odl;idl;hpj;bat;asm;asmx</Extensions>
    </Filter>
    <Filter Include="헤더 파일">
      <UniqueIdentifier>{93995380-89BD-4b04-88EB-625FBE52EBFB}</UniqueIdentifier>
      <Extensions>h;hh;hpp;hxx;h++;hm;inl;inc;ipp;xsd</Extensions>
    </Filter>
    <Filter Include="리소스 파일">
      <UniqueIdentifier>{67DA6AB6-F800-4c08-8B7A-83BB121AAD01}</UniqueIdentifier>
      <Extensions>rc;ico;cur;bmp;dlg;rc2;rct;bin;rgs;gif;jpg;jpeg;jpe;resx;tiff;tif;png;wav;mfcribbon-ms</Extensions>
    </Filter>
    <Filter Include="Manager">
      <UniqueIdentifier>{6e7f2e12-a68e-4f8b-9f43-1ce8482333d4}</UniqueIdentifier>
    </Filter>
    <Filter Include="Camera">
      <UniqueIdentifier>{183f65e4-7787-428b-988f-1da74594e21a}</UniqueIdentifier>
    </Filter>
    <Filter Include="Scene">
      <UniqueIdentifier>{ea058eaf-9df0-428d-8d7c-24f97ba5a348}</UniqueIdentifier>
    </Filter>
    <Filter Include="Object">
      <UniqueIdentifier>{ed1cb633-b854-44c6-bf1a-811dda95c9e9}</UniqueIdentifier>
    </Filter>
    <Filter Include="Object\Board">
      <UniqueIdentifier>{78800909-ed8c-4bc7-93c2-71295925ec2d}</UniqueIdentifier>
    </Filter>
    <Filter Include="Object\OtherPlayer">
      <UniqueIdentifier>{fc9abf7d-d259-4984-b466-a6092cfee6e8}</UniqueIdentifier>
    </Filter>
    <Filter Include="Mesh">
      <UniqueIdentifier>{3cb941c5-e4eb-4004-b9bd-dba88610b0f3}</UniqueIdentifier>
    </Filter>
    <Filter Include="Shader">
      <UniqueIdentifier>{21175f27-b823-432c-a930-0d481624ee56}</UniqueIdentifier>
    </Filter>
    <Filter Include="Time">
      <UniqueIdentifier>{d256a012-db7a-43f7-9fc7-8b2c45e9fbfe}</UniqueIdentifier>
    </Filter>
    <Filter Include="Server">
      <UniqueIdentifier>{f83e51a8-331c-4271-b348-e1da86009054}</UniqueIdentifier>
    </Filter>
    <Filter Include="Server\PacketManager">
      <UniqueIdentifier>{825abd1e-e651-4dbd-bcbb-9421d0b755fb}</UniqueIdentifier>
    </Filter>
    <Filter Include="Manager\ObjectManager">
      <UniqueIdentifier>{0db53fe6-163a-461a-a322-9a198b5eaafa}</UniqueIdentifier>
    </Filter>
    <Filter Include="Manager\SceneManager">
      <UniqueIdentifier>{2fe3ac17-8f03-410d-bb43-80766b303528}</UniqueIdentifier>
    </Filter>
    <Filter Include="Shader\GlbShader">
      <UniqueIdentifier>{cea0cf3f-f716-446f-9ab0-7b9e5ff7272b}</UniqueIdentifier>
    </Filter>
    <Filter Include="Object\MainPlayer">
      <UniqueIdentifier>{64c1a271-b4ad-47e5-87e5-226297550338}</UniqueIdentifier>
    </Filter>
    <Filter Include="Manager\InputManager">
      <UniqueIdentifier>{a4d3b8bf-b6f5-41ac-97b1-1b2fe3296232}</UniqueIdentifier>
    </Filter>
  </ItemGroup>
  <ItemGroup>
    <ClInclude Include="targetver.h">
      <Filter>헤더 파일</Filter>
    </ClInclude>
    <ClInclude Include="Resource.h">
      <Filter>헤더 파일</Filter>
    </ClInclude>
    <ClInclude Include="Chess_Client.h">
      <Filter>헤더 파일</Filter>
    </ClInclude>
    <ClInclude Include="GameFramework.h">
      <Filter>헤더 파일</Filter>
    </ClInclude>
    <ClInclude Include="stdafx.h">
      <Filter>헤더 파일</Filter>
    </ClInclude>
    <ClInclude Include="Camera.h">
      <Filter>Camera</Filter>
    </ClInclude>
    <ClInclude Include="FreeCamera.h">
      <Filter>Camera</Filter>
    </ClInclude>
    <ClInclude Include="Chess_Scene.h">
      <Filter>Scene</Filter>
    </ClInclude>
    <ClInclude Include="BoardCube.h">
      <Filter>Object\Board</Filter>
    </ClInclude>
    <ClInclude Include="MainPlayer.h">
      <Filter>Object\MainPlayer</Filter>
    </ClInclude>
    <ClInclude Include="OtherPlayer.h">
      <Filter>Object\OtherPlayer</Filter>
    </ClInclude>
    <ClInclude Include="resource1.h">
      <Filter>헤더 파일</Filter>
    </ClInclude>
    <ClInclude Include="GameObject.h">
      <Filter>Object</Filter>
    </ClInclude>
    <ClInclude Include="Scene.h">
      <Filter>Scene</Filter>
    </ClInclude>
    <ClInclude Include="Mesh.h">
      <Filter>Mesh</Filter>
    </ClInclude>
    <ClInclude Include="Shader.h">
      <Filter>Shader</Filter>
    </ClInclude>
    <ClInclude Include="Timer.h">
      <Filter>Time</Filter>
    </ClInclude>
    <ClInclude Include="ClientPacketManager.h">
      <Filter>Server\PacketManager</Filter>
    </ClInclude>
    <ClInclude Include="json.hpp">
      <Filter>Mesh</Filter>
    </ClInclude>
    <ClInclude Include="ObjectManager.h">
      <Filter>Manager\ObjectManager</Filter>
    </ClInclude>
    <ClInclude Include="SceneManager.h">
      <Filter>Manager\SceneManager</Filter>
    </ClInclude>
    <ClInclude Include="GlbShader.h">
      <Filter>Shader\GlbShader</Filter>
    </ClInclude>
    <ClInclude Include="InputManager.h">
      <Filter>Manager\InputManager</Filter>
    </ClInclude>
  </ItemGroup>
  <ItemGroup>
    <ClCompile Include="Chess_Client.cpp">
      <Filter>소스 파일</Filter>
    </ClCompile>
    <ClCompile Include="GameFramework.cpp">
      <Filter>소스 파일</Filter>
    </ClCompile>
    <ClCompile Include="stdafx.cpp">
      <Filter>소스 파일</Filter>
    </ClCompile>
    <ClCompile Include="Camera.cpp">
      <Filter>Camera</Filter>
    </ClCompile>
    <ClCompile Include="FreeCamera.cpp">
      <Filter>Camera</Filter>
    </ClCompile>
    <ClCompile Include="Chess_Scene.cpp">
      <Filter>Scene</Filter>
    </ClCompile>
    <ClCompile Include="BoardCube.cpp">
      <Filter>Object\Board</Filter>
    </ClCompile>
    <ClCompile Include="MainPlayer.cpp">
      <Filter>Object\MainPlayer</Filter>
    </ClCompile>
    <ClCompile Include="OtherPlayer.cpp">
      <Filter>Object\OtherPlayer</Filter>
    </ClCompile>
    <ClCompile Include="GameObject.cpp">
      <Filter>Object</Filter>
    </ClCompile>
    <ClCompile Include="Scene.cpp">
      <Filter>Scene</Filter>
    </ClCompile>
    <ClCompile Include="Mesh.cpp">
      <Filter>Mesh</Filter>
    </ClCompile>
    <ClCompile Include="Shader.cpp">
      <Filter>Shader</Filter>
    </ClCompile>
    <ClCompile Include="Timer.cpp">
      <Filter>Time</Filter>
    </ClCompile>
    <ClCompile Include="ClientPacketManager.cpp">
      <Filter>Server\PacketManager</Filter>
    </ClCompile>
    <ClCompile Include="ObjectManager.cpp">
      <Filter>Manager\ObjectManager</Filter>
    </ClCompile>
    <ClCompile Include="SceneManager.cpp">
      <Filter>Manager\SceneManager</Filter>
    </ClCompile>
    <ClCompile Include="GlbShader.cpp">
      <Filter>Shader\GlbShader</Filter>
    </ClCompile>
    <ClCompile Include="InputManager.cpp">
      <Filter>Manager\InputManager</Filter>
    </ClCompile>
  </ItemGroup>
  <ItemGroup>
    <ResourceCompile Include="Chess_Client.rc">
      <Filter>리소스 파일</Filter>
    </ResourceCompile>
    <ResourceCompile Include="Resource.rc">
      <Filter>리소스 파일</Filter>
    </ResourceCompile>
  </ItemGroup>
  <ItemGroup>
    <Image Include="small.ico">
      <Filter>리소스 파일</Filter>
    </Image>
    <Image Include="Chess_Client.ico">
      <Filter>리소스 파일</Filter>
    </Image>
  </ItemGroup>
  <ItemGroup>
    <None Include="Shaders.hlsl" />
    <None Include="packages.config" />
    <None Include="GLB_Shader.hlsl" />
    <None Include="Debug.hlsl" />
  </ItemGroup>
</Project>